// !$*UTF8*$!
{
	archiveVersion = 1;
	classes = {
	};
	objectVersion = 50;
	objects = {

/* Begin PBXBuildFile section */
		8B0D0CC3224E59E200871546 /* KeyValueStorage.swift in Sources */ = {isa = PBXBuildFile; fileRef = 8B0D0CC0224E59E200871546 /* KeyValueStorage.swift */; };
		8B0D0CC4224E59E200871546 /* KeyValueStorageError.swift in Sources */ = {isa = PBXBuildFile; fileRef = 8B0D0CC1224E59E200871546 /* KeyValueStorageError.swift */; };
		8B9D89392219458D005367BD /* AppDelegate.swift in Sources */ = {isa = PBXBuildFile; fileRef = 8B9D89382219458D005367BD /* AppDelegate.swift */; };
		8B9D89402219458F005367BD /* Assets.xcassets in Resources */ = {isa = PBXBuildFile; fileRef = 8B9D893F2219458F005367BD /* Assets.xcassets */; };
		8B9D89432219458F005367BD /* LaunchScreen.storyboard in Resources */ = {isa = PBXBuildFile; fileRef = 8B9D89412219458F005367BD /* LaunchScreen.storyboard */; };
		8B9D895622194B9B005367BD /* BaseCoordinator.swift in Sources */ = {isa = PBXBuildFile; fileRef = 8B9D895522194B9B005367BD /* BaseCoordinator.swift */; };
		8B9D895822194BBE005367BD /* Coordinator.swift in Sources */ = {isa = PBXBuildFile; fileRef = 8B9D895722194BBE005367BD /* Coordinator.swift */; };
		8B9D895A22194BDA005367BD /* DeepLinkOption.swift in Sources */ = {isa = PBXBuildFile; fileRef = 8B9D895922194BDA005367BD /* DeepLinkOption.swift */; };
		8B9D895C22194BFD005367BD /* Presentable.swift in Sources */ = {isa = PBXBuildFile; fileRef = 8B9D895B22194BFD005367BD /* Presentable.swift */; };
		8B9D895E22194C16005367BD /* BaseView.swift in Sources */ = {isa = PBXBuildFile; fileRef = 8B9D895D22194C16005367BD /* BaseView.swift */; };
		8B9D896022194CCB005367BD /* Router.swift in Sources */ = {isa = PBXBuildFile; fileRef = 8B9D895F22194CCB005367BD /* Router.swift */; };
		8B9D896222194CE3005367BD /* BaseRouter.swift in Sources */ = {isa = PBXBuildFile; fileRef = 8B9D896122194CE3005367BD /* BaseRouter.swift */; };
		8B9D896422194D66005367BD /* ApplicationCoordinator.swift in Sources */ = {isa = PBXBuildFile; fileRef = 8B9D896322194D66005367BD /* ApplicationCoordinator.swift */; };
		8B9D8967221951E5005367BD /* UIColorExtensions.swift in Sources */ = {isa = PBXBuildFile; fileRef = 8B9D8966221951E5005367BD /* UIColorExtensions.swift */; };
		8B9D8969221952B9005367BD /* ColorScheme.swift in Sources */ = {isa = PBXBuildFile; fileRef = 8B9D8968221952B9005367BD /* ColorScheme.swift */; };
		8B9D896D22199009005367BD /* AuthCoordinator.swift in Sources */ = {isa = PBXBuildFile; fileRef = 8B9D896C22199009005367BD /* AuthCoordinator.swift */; };
		8B9D8981221990F4005367BD /* UserDefaultsStorageTests.swift in Sources */ = {isa = PBXBuildFile; fileRef = 8B9D8980221990F4005367BD /* UserDefaultsStorageTests.swift */; };
		8B9D8987221BD1A0005367BD /* MainCoordinator.swift in Sources */ = {isa = PBXBuildFile; fileRef = 8B9D8986221BD1A0005367BD /* MainCoordinator.swift */; };
		8B9D8993221BE115005367BD /* SignInViewInput.swift in Sources */ = {isa = PBXBuildFile; fileRef = 8B9D898B221BE115005367BD /* SignInViewInput.swift */; };
		8B9D8994221BE115005367BD /* SignInInteractorOutput.swift in Sources */ = {isa = PBXBuildFile; fileRef = 8B9D898C221BE115005367BD /* SignInInteractorOutput.swift */; };
		8B9D8995221BE115005367BD /* SignInPresenter.swift in Sources */ = {isa = PBXBuildFile; fileRef = 8B9D898D221BE115005367BD /* SignInPresenter.swift */; };
		8B9D8996221BE115005367BD /* SignInInteractorInput.swift in Sources */ = {isa = PBXBuildFile; fileRef = 8B9D898E221BE115005367BD /* SignInInteractorInput.swift */; };
		8B9D8997221BE115005367BD /* SignInViewController.swift in Sources */ = {isa = PBXBuildFile; fileRef = 8B9D898F221BE115005367BD /* SignInViewController.swift */; };
		8B9D8998221BE115005367BD /* SignInAssembly.swift in Sources */ = {isa = PBXBuildFile; fileRef = 8B9D8990221BE115005367BD /* SignInAssembly.swift */; };
		8B9D8999221BE115005367BD /* SignInInteractor.swift in Sources */ = {isa = PBXBuildFile; fileRef = 8B9D8991221BE115005367BD /* SignInInteractor.swift */; };
		8B9D899A221BE115005367BD /* SignInViewOutput.swift in Sources */ = {isa = PBXBuildFile; fileRef = 8B9D8992221BE115005367BD /* SignInViewOutput.swift */; };
		8B9D89A1221BE153005367BD /* SignInRouter.swift in Sources */ = {isa = PBXBuildFile; fileRef = 8B9D89A0221BE153005367BD /* SignInRouter.swift */; };
		8B9D89A4221BE23E005367BD /* CoreFactory.swift in Sources */ = {isa = PBXBuildFile; fileRef = 8B9D89A3221BE23E005367BD /* CoreFactory.swift */; };
		8B9D89A6221BE41E005367BD /* AuthCoordinatorOutput.swift in Sources */ = {isa = PBXBuildFile; fileRef = 8B9D89A5221BE41E005367BD /* AuthCoordinatorOutput.swift */; };
		8BA14D3422686352002F4BA4 /* UserDefaultsStorage.swift in Sources */ = {isa = PBXBuildFile; fileRef = 8BA14D3322686352002F4BA4 /* UserDefaultsStorage.swift */; };
		8BA14D3622686364002F4BA4 /* FileStorage.swift in Sources */ = {isa = PBXBuildFile; fileRef = 8BA14D3522686364002F4BA4 /* FileStorage.swift */; };
		8BA14D392268639A002F4BA4 /* Cancelable.swift in Sources */ = {isa = PBXBuildFile; fileRef = 8BA14D382268639A002F4BA4 /* Cancelable.swift */; };
		8BA14D3B22686458002F4BA4 /* RestServiceError.swift in Sources */ = {isa = PBXBuildFile; fileRef = 8BA14D3A22686458002F4BA4 /* RestServiceError.swift */; };
		8BA14D3D2268647B002F4BA4 /* RestService.swift in Sources */ = {isa = PBXBuildFile; fileRef = 8BA14D3C2268647B002F4BA4 /* RestService.swift */; };
		8BA14D3F226864AA002F4BA4 /* RestServiceImp.swift in Sources */ = {isa = PBXBuildFile; fileRef = 8BA14D3E226864AA002F4BA4 /* RestServiceImp.swift */; };
		8BA14D4122686513002F4BA4 /* URLRequestBuilder.swift in Sources */ = {isa = PBXBuildFile; fileRef = 8BA14D4022686513002F4BA4 /* URLRequestBuilder.swift */; };
		8BA14D462268660B002F4BA4 /* URLSessionMock.swift in Sources */ = {isa = PBXBuildFile; fileRef = 8BA14D452268660B002F4BA4 /* URLSessionMock.swift */; };
		8BA14D48226866C3002F4BA4 /* ServiceFactory.swift in Sources */ = {isa = PBXBuildFile; fileRef = 8BA14D47226866C3002F4BA4 /* ServiceFactory.swift */; };
		8BA14D4C22686757002F4BA4 /* RestServiceParsingTests.swift in Sources */ = {isa = PBXBuildFile; fileRef = 8BA14D4B22686757002F4BA4 /* RestServiceParsingTests.swift */; };
		8BA14D4E226867FC002F4BA4 /* RestServiceRequestTests.swift in Sources */ = {isa = PBXBuildFile; fileRef = 8BA14D4D226867FC002F4BA4 /* RestServiceRequestTests.swift */; };
		8BA14D51226874D3002F4BA4 /* UserResponse.swift in Sources */ = {isa = PBXBuildFile; fileRef = 8BA14D50226874D3002F4BA4 /* UserResponse.swift */; };
		8BBD92D322375C9300D480E6 /* PINRemoteImage.framework in Embed Frameworks */ = {isa = PBXBuildFile; fileRef = 8BBD92D122375B5100D480E6 /* PINRemoteImage.framework */; settings = {ATTRIBUTES = (CodeSignOnCopy, RemoveHeadersOnCopy, ); }; };
		8BBD92D422375C9300D480E6 /* AsyncDisplayKit.framework in Embed Frameworks */ = {isa = PBXBuildFile; fileRef = 8BBD92CC22375B3B00D480E6 /* AsyncDisplayKit.framework */; settings = {ATTRIBUTES = (CodeSignOnCopy, RemoveHeadersOnCopy, ); }; };
		8BBD92D522375C9300D480E6 /* PINCache.framework in Embed Frameworks */ = {isa = PBXBuildFile; fileRef = 8BBD92CB22375B3B00D480E6 /* PINCache.framework */; settings = {ATTRIBUTES = (CodeSignOnCopy, RemoveHeadersOnCopy, ); }; };
		8BBD92D622375C9300D480E6 /* PINOperation.framework in Embed Frameworks */ = {isa = PBXBuildFile; fileRef = 8BBD92CA22375B3B00D480E6 /* PINOperation.framework */; settings = {ATTRIBUTES = (CodeSignOnCopy, RemoveHeadersOnCopy, ); }; };
		8BBD92E022375FCD00D480E6 /* ChatViewInput.swift in Sources */ = {isa = PBXBuildFile; fileRef = 8BBD92D822375FCD00D480E6 /* ChatViewInput.swift */; };
		8BBD92E122375FCD00D480E6 /* ChatInteractorOutput.swift in Sources */ = {isa = PBXBuildFile; fileRef = 8BBD92D922375FCD00D480E6 /* ChatInteractorOutput.swift */; };
		8BBD92E222375FCD00D480E6 /* ChatPresenter.swift in Sources */ = {isa = PBXBuildFile; fileRef = 8BBD92DA22375FCD00D480E6 /* ChatPresenter.swift */; };
		8BBD92E322375FCD00D480E6 /* ChatInteractorInput.swift in Sources */ = {isa = PBXBuildFile; fileRef = 8BBD92DB22375FCD00D480E6 /* ChatInteractorInput.swift */; };
		8BBD92E422375FCD00D480E6 /* ChatViewController.swift in Sources */ = {isa = PBXBuildFile; fileRef = 8BBD92DC22375FCD00D480E6 /* ChatViewController.swift */; };
		8BBD92E522375FCD00D480E6 /* ChatAssembly.swift in Sources */ = {isa = PBXBuildFile; fileRef = 8BBD92DD22375FCD00D480E6 /* ChatAssembly.swift */; };
		8BBD92E622375FCD00D480E6 /* ChatInteractor.swift in Sources */ = {isa = PBXBuildFile; fileRef = 8BBD92DE22375FCD00D480E6 /* ChatInteractor.swift */; };
		8BBD92E722375FCD00D480E6 /* ChatViewOutput.swift in Sources */ = {isa = PBXBuildFile; fileRef = 8BBD92DF22375FCD00D480E6 /* ChatViewOutput.swift */; };
		8BBD92EF2237606300D480E6 /* ChatRouter.swift in Sources */ = {isa = PBXBuildFile; fileRef = 8BBD92EE2237606300D480E6 /* ChatRouter.swift */; };
		8BBD92F32237700B00D480E6 /* ChatViewDataSource.swift in Sources */ = {isa = PBXBuildFile; fileRef = 8BBD92F22237700B00D480E6 /* ChatViewDataSource.swift */; };
		8BBD92F62237716E00D480E6 /* ChatBaseMessage.swift in Sources */ = {isa = PBXBuildFile; fileRef = 8BBD92F52237716E00D480E6 /* ChatBaseMessage.swift */; };
		8BBD92F8223771BD00D480E6 /* MessageType.swift in Sources */ = {isa = PBXBuildFile; fileRef = 8BBD92F7223771BD00D480E6 /* MessageType.swift */; };
		8BBD92FA223771ED00D480E6 /* ChatTextMessage.swift in Sources */ = {isa = PBXBuildFile; fileRef = 8BBD92F9223771ED00D480E6 /* ChatTextMessage.swift */; };
		8BBD92FE223772AD00D480E6 /* ChatBaseMessageNode.swift in Sources */ = {isa = PBXBuildFile; fileRef = 8BBD92FD223772AD00D480E6 /* ChatBaseMessageNode.swift */; };
		8BBD93032237882300D480E6 /* ChatTextMessageNode.swift in Sources */ = {isa = PBXBuildFile; fileRef = 8BBD93022237882300D480E6 /* ChatTextMessageNode.swift */; };
		8BBD930522379DD200D480E6 /* UIImageExtensions.swift in Sources */ = {isa = PBXBuildFile; fileRef = 8BBD930422379DD200D480E6 /* UIImageExtensions.swift */; };
		8BBD93072237A27100D480E6 /* ChatBouncyLayout.swift in Sources */ = {isa = PBXBuildFile; fileRef = 8BBD93062237A27100D480E6 /* ChatBouncyLayout.swift */; };
		8BBD93092237A9F400D480E6 /* InsertPosition.swift in Sources */ = {isa = PBXBuildFile; fileRef = 8BBD93082237A9F400D480E6 /* InsertPosition.swift */; };
		8BBD930C2237B84F00D480E6 /* ChatInputBar.swift in Sources */ = {isa = PBXBuildFile; fileRef = 8BBD930B2237B84F00D480E6 /* ChatInputBar.swift */; };
		8BBD930F2237B8E500D480E6 /* BaseXibView.swift in Sources */ = {isa = PBXBuildFile; fileRef = 8BBD930E2237B8E400D480E6 /* BaseXibView.swift */; };
		8BBD93112237B93200D480E6 /* BaseXibView.xib in Resources */ = {isa = PBXBuildFile; fileRef = 8BBD93102237B93200D480E6 /* BaseXibView.xib */; };
		8BBD93132237B9D300D480E6 /* ChatInputBar.xib in Resources */ = {isa = PBXBuildFile; fileRef = 8BBD93122237B9D300D480E6 /* ChatInputBar.xib */; };
		8BBD93162237BCF100D480E6 /* PlaceholderTextView.swift in Sources */ = {isa = PBXBuildFile; fileRef = 8BBD93152237BCF100D480E6 /* PlaceholderTextView.swift */; };
		8BBD93202239025200D480E6 /* DeepDiff.framework in Embed Frameworks */ = {isa = PBXBuildFile; fileRef = 8BBD931E2239019800D480E6 /* DeepDiff.framework */; settings = {ATTRIBUTES = (CodeSignOnCopy, RemoveHeadersOnCopy, ); }; };
		8BBD932C22394CDA00D480E6 /* PortfolioViewInput.swift in Sources */ = {isa = PBXBuildFile; fileRef = 8BBD932422394CDA00D480E6 /* PortfolioViewInput.swift */; };
		8BBD932D22394CDA00D480E6 /* PortfolioInteractorOutput.swift in Sources */ = {isa = PBXBuildFile; fileRef = 8BBD932522394CDA00D480E6 /* PortfolioInteractorOutput.swift */; };
		8BBD932E22394CDA00D480E6 /* PortfolioPresenter.swift in Sources */ = {isa = PBXBuildFile; fileRef = 8BBD932622394CDA00D480E6 /* PortfolioPresenter.swift */; };
		8BBD932F22394CDA00D480E6 /* PortfolioInteractorInput.swift in Sources */ = {isa = PBXBuildFile; fileRef = 8BBD932722394CDA00D480E6 /* PortfolioInteractorInput.swift */; };
		8BBD933022394CDA00D480E6 /* PortfolioViewController.swift in Sources */ = {isa = PBXBuildFile; fileRef = 8BBD932822394CDA00D480E6 /* PortfolioViewController.swift */; };
		8BBD933122394CDA00D480E6 /* PortfolioAssembly.swift in Sources */ = {isa = PBXBuildFile; fileRef = 8BBD932922394CDA00D480E6 /* PortfolioAssembly.swift */; };
		8BBD933222394CDA00D480E6 /* PortfolioInteractor.swift in Sources */ = {isa = PBXBuildFile; fileRef = 8BBD932A22394CDA00D480E6 /* PortfolioInteractor.swift */; };
		8BBD933322394CDA00D480E6 /* PortfolioViewOutput.swift in Sources */ = {isa = PBXBuildFile; fileRef = 8BBD932B22394CDA00D480E6 /* PortfolioViewOutput.swift */; };
		8BBD933A22394D1F00D480E6 /* PortfolioRouter.swift in Sources */ = {isa = PBXBuildFile; fileRef = 8BBD933922394D1F00D480E6 /* PortfolioRouter.swift */; };
/* End PBXBuildFile section */

/* Begin PBXContainerItemProxy section */
		8B9D897A221990CD005367BD /* PBXContainerItemProxy */ = {
			isa = PBXContainerItemProxy;
			containerPortal = 8B9D892D2219458D005367BD /* Project object */;
			proxyType = 1;
			remoteGlobalIDString = 8B9D89342219458D005367BD;
			remoteInfo = CVissimo;
		};
/* End PBXContainerItemProxy section */

/* Begin PBXCopyFilesBuildPhase section */
		8B2A8D20223757B6004E2CDA /* Embed Frameworks */ = {
			isa = PBXCopyFilesBuildPhase;
			buildActionMask = 2147483647;
			dstPath = "";
			dstSubfolderSpec = 10;
			files = (
				8BBD93202239025200D480E6 /* DeepDiff.framework in Embed Frameworks */,
				8BBD92D322375C9300D480E6 /* PINRemoteImage.framework in Embed Frameworks */,
				8BBD92D422375C9300D480E6 /* AsyncDisplayKit.framework in Embed Frameworks */,
				8BBD92D522375C9300D480E6 /* PINCache.framework in Embed Frameworks */,
				8BBD92D622375C9300D480E6 /* PINOperation.framework in Embed Frameworks */,
			);
			name = "Embed Frameworks";
			runOnlyForDeploymentPostprocessing = 0;
		};
/* End PBXCopyFilesBuildPhase section */

/* Begin PBXFileReference section */
		8B0D0CC0224E59E200871546 /* KeyValueStorage.swift */ = {isa = PBXFileReference; fileEncoding = 4; lastKnownFileType = sourcecode.swift; path = KeyValueStorage.swift; sourceTree = "<group>"; };
		8B0D0CC1224E59E200871546 /* KeyValueStorageError.swift */ = {isa = PBXFileReference; fileEncoding = 4; lastKnownFileType = sourcecode.swift; path = KeyValueStorageError.swift; sourceTree = "<group>"; };
		8B9D89352219458D005367BD /* CVissimo.app */ = {isa = PBXFileReference; explicitFileType = wrapper.application; includeInIndex = 0; path = CVissimo.app; sourceTree = BUILT_PRODUCTS_DIR; };
		8B9D89382219458D005367BD /* AppDelegate.swift */ = {isa = PBXFileReference; lastKnownFileType = sourcecode.swift; path = AppDelegate.swift; sourceTree = "<group>"; };
		8B9D893F2219458F005367BD /* Assets.xcassets */ = {isa = PBXFileReference; lastKnownFileType = folder.assetcatalog; path = Assets.xcassets; sourceTree = "<group>"; };
		8B9D89422219458F005367BD /* Base */ = {isa = PBXFileReference; lastKnownFileType = file.storyboard; name = Base; path = Base.lproj/LaunchScreen.storyboard; sourceTree = "<group>"; };
		8B9D89442219458F005367BD /* Info.plist */ = {isa = PBXFileReference; lastKnownFileType = text.plist.xml; path = Info.plist; sourceTree = "<group>"; };
		8B9D895522194B9B005367BD /* BaseCoordinator.swift */ = {isa = PBXFileReference; lastKnownFileType = sourcecode.swift; path = BaseCoordinator.swift; sourceTree = "<group>"; };
		8B9D895722194BBE005367BD /* Coordinator.swift */ = {isa = PBXFileReference; lastKnownFileType = sourcecode.swift; path = Coordinator.swift; sourceTree = "<group>"; };
		8B9D895922194BDA005367BD /* DeepLinkOption.swift */ = {isa = PBXFileReference; lastKnownFileType = sourcecode.swift; path = DeepLinkOption.swift; sourceTree = "<group>"; };
		8B9D895B22194BFD005367BD /* Presentable.swift */ = {isa = PBXFileReference; lastKnownFileType = sourcecode.swift; path = Presentable.swift; sourceTree = "<group>"; };
		8B9D895D22194C16005367BD /* BaseView.swift */ = {isa = PBXFileReference; lastKnownFileType = sourcecode.swift; path = BaseView.swift; sourceTree = "<group>"; };
		8B9D895F22194CCB005367BD /* Router.swift */ = {isa = PBXFileReference; lastKnownFileType = sourcecode.swift; path = Router.swift; sourceTree = "<group>"; };
		8B9D896122194CE3005367BD /* BaseRouter.swift */ = {isa = PBXFileReference; lastKnownFileType = sourcecode.swift; path = BaseRouter.swift; sourceTree = "<group>"; };
		8B9D896322194D66005367BD /* ApplicationCoordinator.swift */ = {isa = PBXFileReference; lastKnownFileType = sourcecode.swift; path = ApplicationCoordinator.swift; sourceTree = "<group>"; };
		8B9D8966221951E5005367BD /* UIColorExtensions.swift */ = {isa = PBXFileReference; lastKnownFileType = sourcecode.swift; path = UIColorExtensions.swift; sourceTree = "<group>"; };
		8B9D8968221952B9005367BD /* ColorScheme.swift */ = {isa = PBXFileReference; lastKnownFileType = sourcecode.swift; path = ColorScheme.swift; sourceTree = "<group>"; };
		8B9D896C22199009005367BD /* AuthCoordinator.swift */ = {isa = PBXFileReference; lastKnownFileType = sourcecode.swift; path = AuthCoordinator.swift; sourceTree = "<group>"; };
		8B9D8975221990CD005367BD /* CVissimoTests.xctest */ = {isa = PBXFileReference; explicitFileType = wrapper.cfbundle; includeInIndex = 0; path = CVissimoTests.xctest; sourceTree = BUILT_PRODUCTS_DIR; };
		8B9D8979221990CD005367BD /* Info.plist */ = {isa = PBXFileReference; lastKnownFileType = text.plist.xml; path = Info.plist; sourceTree = "<group>"; };
		8B9D8980221990F4005367BD /* UserDefaultsStorageTests.swift */ = {isa = PBXFileReference; lastKnownFileType = sourcecode.swift; path = UserDefaultsStorageTests.swift; sourceTree = "<group>"; };
		8B9D8986221BD1A0005367BD /* MainCoordinator.swift */ = {isa = PBXFileReference; lastKnownFileType = sourcecode.swift; path = MainCoordinator.swift; sourceTree = "<group>"; };
		8B9D898B221BE115005367BD /* SignInViewInput.swift */ = {isa = PBXFileReference; lastKnownFileType = sourcecode.swift; path = SignInViewInput.swift; sourceTree = "<group>"; };
		8B9D898C221BE115005367BD /* SignInInteractorOutput.swift */ = {isa = PBXFileReference; lastKnownFileType = sourcecode.swift; path = SignInInteractorOutput.swift; sourceTree = "<group>"; };
		8B9D898D221BE115005367BD /* SignInPresenter.swift */ = {isa = PBXFileReference; lastKnownFileType = sourcecode.swift; path = SignInPresenter.swift; sourceTree = "<group>"; };
		8B9D898E221BE115005367BD /* SignInInteractorInput.swift */ = {isa = PBXFileReference; lastKnownFileType = sourcecode.swift; path = SignInInteractorInput.swift; sourceTree = "<group>"; };
		8B9D898F221BE115005367BD /* SignInViewController.swift */ = {isa = PBXFileReference; lastKnownFileType = sourcecode.swift; path = SignInViewController.swift; sourceTree = "<group>"; };
		8B9D8990221BE115005367BD /* SignInAssembly.swift */ = {isa = PBXFileReference; lastKnownFileType = sourcecode.swift; path = SignInAssembly.swift; sourceTree = "<group>"; };
		8B9D8991221BE115005367BD /* SignInInteractor.swift */ = {isa = PBXFileReference; lastKnownFileType = sourcecode.swift; path = SignInInteractor.swift; sourceTree = "<group>"; };
		8B9D8992221BE115005367BD /* SignInViewOutput.swift */ = {isa = PBXFileReference; lastKnownFileType = sourcecode.swift; path = SignInViewOutput.swift; sourceTree = "<group>"; };
		8B9D89A0221BE153005367BD /* SignInRouter.swift */ = {isa = PBXFileReference; lastKnownFileType = sourcecode.swift; path = SignInRouter.swift; sourceTree = "<group>"; };
		8B9D89A3221BE23E005367BD /* CoreFactory.swift */ = {isa = PBXFileReference; lastKnownFileType = sourcecode.swift; path = CoreFactory.swift; sourceTree = "<group>"; };
		8B9D89A5221BE41E005367BD /* AuthCoordinatorOutput.swift */ = {isa = PBXFileReference; lastKnownFileType = sourcecode.swift; path = AuthCoordinatorOutput.swift; sourceTree = "<group>"; };
		8BA14D3322686352002F4BA4 /* UserDefaultsStorage.swift */ = {isa = PBXFileReference; lastKnownFileType = sourcecode.swift; path = UserDefaultsStorage.swift; sourceTree = "<group>"; };
		8BA14D3522686364002F4BA4 /* FileStorage.swift */ = {isa = PBXFileReference; lastKnownFileType = sourcecode.swift; path = FileStorage.swift; sourceTree = "<group>"; };
		8BA14D382268639A002F4BA4 /* Cancelable.swift */ = {isa = PBXFileReference; lastKnownFileType = sourcecode.swift; path = Cancelable.swift; sourceTree = "<group>"; };
		8BA14D3A22686458002F4BA4 /* RestServiceError.swift */ = {isa = PBXFileReference; lastKnownFileType = sourcecode.swift; path = RestServiceError.swift; sourceTree = "<group>"; };
		8BA14D3C2268647B002F4BA4 /* RestService.swift */ = {isa = PBXFileReference; lastKnownFileType = sourcecode.swift; path = RestService.swift; sourceTree = "<group>"; };
		8BA14D3E226864AA002F4BA4 /* RestServiceImp.swift */ = {isa = PBXFileReference; lastKnownFileType = sourcecode.swift; path = RestServiceImp.swift; sourceTree = "<group>"; };
		8BA14D4022686513002F4BA4 /* URLRequestBuilder.swift */ = {isa = PBXFileReference; lastKnownFileType = sourcecode.swift; path = URLRequestBuilder.swift; sourceTree = "<group>"; };
		8BA14D452268660B002F4BA4 /* URLSessionMock.swift */ = {isa = PBXFileReference; lastKnownFileType = sourcecode.swift; path = URLSessionMock.swift; sourceTree = "<group>"; };
		8BA14D47226866C3002F4BA4 /* ServiceFactory.swift */ = {isa = PBXFileReference; lastKnownFileType = sourcecode.swift; path = ServiceFactory.swift; sourceTree = "<group>"; };
		8BA14D4B22686757002F4BA4 /* RestServiceParsingTests.swift */ = {isa = PBXFileReference; lastKnownFileType = sourcecode.swift; path = RestServiceParsingTests.swift; sourceTree = "<group>"; };
		8BA14D4D226867FC002F4BA4 /* RestServiceRequestTests.swift */ = {isa = PBXFileReference; lastKnownFileType = sourcecode.swift; path = RestServiceRequestTests.swift; sourceTree = "<group>"; };
		8BA14D50226874D3002F4BA4 /* UserResponse.swift */ = {isa = PBXFileReference; lastKnownFileType = sourcecode.swift; path = UserResponse.swift; sourceTree = "<group>"; };
		8BBD92CA22375B3B00D480E6 /* PINOperation.framework */ = {isa = PBXFileReference; lastKnownFileType = wrapper.framework; name = PINOperation.framework; path = Carthage/Build/iOS/PINOperation.framework; sourceTree = "<group>"; };
		8BBD92CB22375B3B00D480E6 /* PINCache.framework */ = {isa = PBXFileReference; lastKnownFileType = wrapper.framework; name = PINCache.framework; path = Carthage/Build/iOS/PINCache.framework; sourceTree = "<group>"; };
		8BBD92CC22375B3B00D480E6 /* AsyncDisplayKit.framework */ = {isa = PBXFileReference; lastKnownFileType = wrapper.framework; name = AsyncDisplayKit.framework; path = Carthage/Build/iOS/AsyncDisplayKit.framework; sourceTree = "<group>"; };
		8BBD92D122375B5100D480E6 /* PINRemoteImage.framework */ = {isa = PBXFileReference; lastKnownFileType = wrapper.framework; name = PINRemoteImage.framework; path = Carthage/Build/iOS/PINRemoteImage.framework; sourceTree = "<group>"; };
		8BBD92D822375FCD00D480E6 /* ChatViewInput.swift */ = {isa = PBXFileReference; lastKnownFileType = sourcecode.swift; path = ChatViewInput.swift; sourceTree = "<group>"; };
		8BBD92D922375FCD00D480E6 /* ChatInteractorOutput.swift */ = {isa = PBXFileReference; lastKnownFileType = sourcecode.swift; path = ChatInteractorOutput.swift; sourceTree = "<group>"; };
		8BBD92DA22375FCD00D480E6 /* ChatPresenter.swift */ = {isa = PBXFileReference; lastKnownFileType = sourcecode.swift; path = ChatPresenter.swift; sourceTree = "<group>"; };
		8BBD92DB22375FCD00D480E6 /* ChatInteractorInput.swift */ = {isa = PBXFileReference; lastKnownFileType = sourcecode.swift; path = ChatInteractorInput.swift; sourceTree = "<group>"; };
		8BBD92DC22375FCD00D480E6 /* ChatViewController.swift */ = {isa = PBXFileReference; lastKnownFileType = sourcecode.swift; path = ChatViewController.swift; sourceTree = "<group>"; };
		8BBD92DD22375FCD00D480E6 /* ChatAssembly.swift */ = {isa = PBXFileReference; lastKnownFileType = sourcecode.swift; path = ChatAssembly.swift; sourceTree = "<group>"; };
		8BBD92DE22375FCD00D480E6 /* ChatInteractor.swift */ = {isa = PBXFileReference; lastKnownFileType = sourcecode.swift; path = ChatInteractor.swift; sourceTree = "<group>"; };
		8BBD92DF22375FCD00D480E6 /* ChatViewOutput.swift */ = {isa = PBXFileReference; lastKnownFileType = sourcecode.swift; path = ChatViewOutput.swift; sourceTree = "<group>"; };
		8BBD92EE2237606300D480E6 /* ChatRouter.swift */ = {isa = PBXFileReference; lastKnownFileType = sourcecode.swift; path = ChatRouter.swift; sourceTree = "<group>"; };
		8BBD92F22237700B00D480E6 /* ChatViewDataSource.swift */ = {isa = PBXFileReference; lastKnownFileType = sourcecode.swift; path = ChatViewDataSource.swift; sourceTree = "<group>"; };
		8BBD92F52237716E00D480E6 /* ChatBaseMessage.swift */ = {isa = PBXFileReference; lastKnownFileType = sourcecode.swift; path = ChatBaseMessage.swift; sourceTree = "<group>"; };
		8BBD92F7223771BD00D480E6 /* MessageType.swift */ = {isa = PBXFileReference; lastKnownFileType = sourcecode.swift; path = MessageType.swift; sourceTree = "<group>"; };
		8BBD92F9223771ED00D480E6 /* ChatTextMessage.swift */ = {isa = PBXFileReference; lastKnownFileType = sourcecode.swift; path = ChatTextMessage.swift; sourceTree = "<group>"; };
		8BBD92FD223772AD00D480E6 /* ChatBaseMessageNode.swift */ = {isa = PBXFileReference; lastKnownFileType = sourcecode.swift; path = ChatBaseMessageNode.swift; sourceTree = "<group>"; };
		8BBD93022237882300D480E6 /* ChatTextMessageNode.swift */ = {isa = PBXFileReference; lastKnownFileType = sourcecode.swift; path = ChatTextMessageNode.swift; sourceTree = "<group>"; };
		8BBD930422379DD200D480E6 /* UIImageExtensions.swift */ = {isa = PBXFileReference; lastKnownFileType = sourcecode.swift; path = UIImageExtensions.swift; sourceTree = "<group>"; };
		8BBD93062237A27100D480E6 /* ChatBouncyLayout.swift */ = {isa = PBXFileReference; lastKnownFileType = sourcecode.swift; path = ChatBouncyLayout.swift; sourceTree = "<group>"; };
		8BBD93082237A9F400D480E6 /* InsertPosition.swift */ = {isa = PBXFileReference; lastKnownFileType = sourcecode.swift; path = InsertPosition.swift; sourceTree = "<group>"; };
		8BBD930B2237B84F00D480E6 /* ChatInputBar.swift */ = {isa = PBXFileReference; lastKnownFileType = sourcecode.swift; path = ChatInputBar.swift; sourceTree = "<group>"; };
		8BBD930E2237B8E400D480E6 /* BaseXibView.swift */ = {isa = PBXFileReference; lastKnownFileType = sourcecode.swift; path = BaseXibView.swift; sourceTree = "<group>"; };
		8BBD93102237B93200D480E6 /* BaseXibView.xib */ = {isa = PBXFileReference; lastKnownFileType = file.xib; path = BaseXibView.xib; sourceTree = "<group>"; };
		8BBD93122237B9D300D480E6 /* ChatInputBar.xib */ = {isa = PBXFileReference; lastKnownFileType = file.xib; path = ChatInputBar.xib; sourceTree = "<group>"; };
		8BBD93152237BCF100D480E6 /* PlaceholderTextView.swift */ = {isa = PBXFileReference; lastKnownFileType = sourcecode.swift; path = PlaceholderTextView.swift; sourceTree = "<group>"; };
		8BBD931E2239019800D480E6 /* DeepDiff.framework */ = {isa = PBXFileReference; lastKnownFileType = wrapper.framework; name = DeepDiff.framework; path = Carthage/Build/iOS/DeepDiff.framework; sourceTree = "<group>"; };
		8BBD932422394CDA00D480E6 /* PortfolioViewInput.swift */ = {isa = PBXFileReference; lastKnownFileType = sourcecode.swift; path = PortfolioViewInput.swift; sourceTree = "<group>"; };
		8BBD932522394CDA00D480E6 /* PortfolioInteractorOutput.swift */ = {isa = PBXFileReference; lastKnownFileType = sourcecode.swift; path = PortfolioInteractorOutput.swift; sourceTree = "<group>"; };
		8BBD932622394CDA00D480E6 /* PortfolioPresenter.swift */ = {isa = PBXFileReference; lastKnownFileType = sourcecode.swift; path = PortfolioPresenter.swift; sourceTree = "<group>"; };
		8BBD932722394CDA00D480E6 /* PortfolioInteractorInput.swift */ = {isa = PBXFileReference; lastKnownFileType = sourcecode.swift; path = PortfolioInteractorInput.swift; sourceTree = "<group>"; };
		8BBD932822394CDA00D480E6 /* PortfolioViewController.swift */ = {isa = PBXFileReference; lastKnownFileType = sourcecode.swift; path = PortfolioViewController.swift; sourceTree = "<group>"; };
		8BBD932922394CDA00D480E6 /* PortfolioAssembly.swift */ = {isa = PBXFileReference; lastKnownFileType = sourcecode.swift; path = PortfolioAssembly.swift; sourceTree = "<group>"; };
		8BBD932A22394CDA00D480E6 /* PortfolioInteractor.swift */ = {isa = PBXFileReference; lastKnownFileType = sourcecode.swift; path = PortfolioInteractor.swift; sourceTree = "<group>"; };
		8BBD932B22394CDA00D480E6 /* PortfolioViewOutput.swift */ = {isa = PBXFileReference; lastKnownFileType = sourcecode.swift; path = PortfolioViewOutput.swift; sourceTree = "<group>"; };
		8BBD933922394D1F00D480E6 /* PortfolioRouter.swift */ = {isa = PBXFileReference; lastKnownFileType = sourcecode.swift; path = PortfolioRouter.swift; sourceTree = "<group>"; };
/* End PBXFileReference section */

/* Begin PBXFrameworksBuildPhase section */
		8B9D89322219458D005367BD /* Frameworks */ = {
			isa = PBXFrameworksBuildPhase;
			buildActionMask = 2147483647;
			files = (
			);
			runOnlyForDeploymentPostprocessing = 0;
		};
		8B9D8972221990CD005367BD /* Frameworks */ = {
			isa = PBXFrameworksBuildPhase;
			buildActionMask = 2147483647;
			files = (
			);
			runOnlyForDeploymentPostprocessing = 0;
		};
/* End PBXFrameworksBuildPhase section */

/* Begin PBXGroup section */
		8B0D0CBF224E59E200871546 /* Key value storage */ = {
			isa = PBXGroup;
			children = (
				8B0D0CC0224E59E200871546 /* KeyValueStorage.swift */,
				8BA14D3322686352002F4BA4 /* UserDefaultsStorage.swift */,
				8BA14D3522686364002F4BA4 /* FileStorage.swift */,
				8B0D0CC1224E59E200871546 /* KeyValueStorageError.swift */,
			);
			path = "Key value storage";
			sourceTree = "<group>";
		};
		8B2A8D1A223756B2004E2CDA /* Frameworks */ = {
			isa = PBXGroup;
			children = (
				8BBD931E2239019800D480E6 /* DeepDiff.framework */,
				8BBD92D122375B5100D480E6 /* PINRemoteImage.framework */,
				8BBD92CC22375B3B00D480E6 /* AsyncDisplayKit.framework */,
				8BBD92CB22375B3B00D480E6 /* PINCache.framework */,
				8BBD92CA22375B3B00D480E6 /* PINOperation.framework */,
			);
			name = Frameworks;
			sourceTree = "<group>";
		};
		8B9D892C2219458D005367BD = {
			isa = PBXGroup;
			children = (
				8B9D89372219458D005367BD /* CVissimo */,
				8B9D8976221990CD005367BD /* CVissimoTests */,
				8B9D89362219458D005367BD /* Products */,
				8B2A8D1A223756B2004E2CDA /* Frameworks */,
			);
			sourceTree = "<group>";
		};
		8B9D89362219458D005367BD /* Products */ = {
			isa = PBXGroup;
			children = (
				8B9D89352219458D005367BD /* CVissimo.app */,
				8B9D8975221990CD005367BD /* CVissimoTests.xctest */,
			);
			name = Products;
			sourceTree = "<group>";
		};
		8B9D89372219458D005367BD /* CVissimo */ = {
			isa = PBXGroup;
			children = (
				8B9D894A221945A3005367BD /* Application */,
				8B9D895222194B6E005367BD /* Routing */,
				8B9D89A2221BE22F005367BD /* Factory */,
				8B9D894D22194AB3005367BD /* Flows */,
				8B9D895122194B0C005367BD /* Core components */,
				8B9D895022194B07005367BD /* Services */,
				8B9D894F22194AC4005367BD /* Extenstions */,
				8B9D894C22194AA4005367BD /* Views */,
				8B9D894B221945B2005367BD /* Resources */,
			);
			path = CVissimo;
			sourceTree = "<group>";
		};
		8B9D894A221945A3005367BD /* Application */ = {
			isa = PBXGroup;
			children = (
				8B9D89382219458D005367BD /* AppDelegate.swift */,
				8B9D896322194D66005367BD /* ApplicationCoordinator.swift */,
			);
			path = Application;
			sourceTree = "<group>";
		};
		8B9D894B221945B2005367BD /* Resources */ = {
			isa = PBXGroup;
			children = (
				8B9D893F2219458F005367BD /* Assets.xcassets */,
				8B9D89412219458F005367BD /* LaunchScreen.storyboard */,
				8B9D89442219458F005367BD /* Info.plist */,
				8B9D8968221952B9005367BD /* ColorScheme.swift */,
			);
			path = Resources;
			sourceTree = "<group>";
		};
		8B9D894C22194AA4005367BD /* Views */ = {
			isa = PBXGroup;
			children = (
				8BBD93142237BCDD00D480E6 /* PlaceholderTextView */,
				8BBD930D2237B8D300D480E6 /* BaseXibView */,
			);
			path = Views;
			sourceTree = "<group>";
		};
		8B9D894D22194AB3005367BD /* Flows */ = {
			isa = PBXGroup;
			children = (
				8B9D896A22198FAC005367BD /* Auth */,
				8B9D896B22198FB7005367BD /* Main */,
			);
			path = Flows;
			sourceTree = "<group>";
		};
		8B9D894F22194AC4005367BD /* Extenstions */ = {
			isa = PBXGroup;
			children = (
				8B9D8966221951E5005367BD /* UIColorExtensions.swift */,
				8BBD930422379DD200D480E6 /* UIImageExtensions.swift */,
			);
			path = Extenstions;
			sourceTree = "<group>";
		};
		8B9D895022194B07005367BD /* Services */ = {
			isa = PBXGroup;
			children = (
				8BA14D372268638A002F4BA4 /* Rest service */,
			);
			path = Services;
			sourceTree = "<group>";
		};
		8B9D895122194B0C005367BD /* Core components */ = {
			isa = PBXGroup;
			children = (
				8B0D0CBF224E59E200871546 /* Key value storage */,
			);
			path = "Core components";
			sourceTree = "<group>";
		};
		8B9D895222194B6E005367BD /* Routing */ = {
			isa = PBXGroup;
			children = (
				8B9D895422194B7C005367BD /* Coordinator */,
				8B9D895322194B78005367BD /* Router */,
			);
			path = Routing;
			sourceTree = "<group>";
		};
		8B9D895322194B78005367BD /* Router */ = {
			isa = PBXGroup;
			children = (
				8B9D895F22194CCB005367BD /* Router.swift */,
				8B9D896122194CE3005367BD /* BaseRouter.swift */,
			);
			path = Router;
			sourceTree = "<group>";
		};
		8B9D895422194B7C005367BD /* Coordinator */ = {
			isa = PBXGroup;
			children = (
				8B9D895722194BBE005367BD /* Coordinator.swift */,
				8B9D895B22194BFD005367BD /* Presentable.swift */,
				8B9D895922194BDA005367BD /* DeepLinkOption.swift */,
				8B9D895522194B9B005367BD /* BaseCoordinator.swift */,
				8B9D895D22194C16005367BD /* BaseView.swift */,
			);
			path = Coordinator;
			sourceTree = "<group>";
		};
		8B9D896A22198FAC005367BD /* Auth */ = {
			isa = PBXGroup;
			children = (
				8B9D896C22199009005367BD /* AuthCoordinator.swift */,
				8B9D89A5221BE41E005367BD /* AuthCoordinatorOutput.swift */,
				8B9D8988221BD1BB005367BD /* Modules */,
			);
			path = Auth;
			sourceTree = "<group>";
		};
		8B9D896B22198FB7005367BD /* Main */ = {
			isa = PBXGroup;
			children = (
				8B9D8986221BD1A0005367BD /* MainCoordinator.swift */,
				8B9D8989221BD1C4005367BD /* Modules */,
			);
			path = Main;
			sourceTree = "<group>";
		};
		8B9D8976221990CD005367BD /* CVissimoTests */ = {
			isa = PBXGroup;
			children = (
				8BA14D44226865FE002F4BA4 /* Mocks */,
				8BA14D42226865E4002F4BA4 /* Services tests */,
				8B9D897F221990DA005367BD /* Core components tests */,
				8B9D8979221990CD005367BD /* Info.plist */,
			);
			path = CVissimoTests;
			sourceTree = "<group>";
		};
		8B9D897F221990DA005367BD /* Core components tests */ = {
			isa = PBXGroup;
			children = (
				8B9D8980221990F4005367BD /* UserDefaultsStorageTests.swift */,
			);
			path = "Core components tests";
			sourceTree = "<group>";
		};
		8B9D8988221BD1BB005367BD /* Modules */ = {
			isa = PBXGroup;
			children = (
				8B9D898A221BE0EA005367BD /* Sign In */,
			);
			path = Modules;
			sourceTree = "<group>";
		};
		8B9D8989221BD1C4005367BD /* Modules */ = {
			isa = PBXGroup;
			children = (
				8BBD932322394C8900D480E6 /* Portfolio */,
				8BBD92D722375FB100D480E6 /* Chat */,
			);
			path = Modules;
			sourceTree = "<group>";
		};
		8B9D898A221BE0EA005367BD /* Sign In */ = {
			isa = PBXGroup;
			children = (
				8B9D899E221BE141005367BD /* Assembly */,
				8B9D899F221BE14A005367BD /* Router */,
				8B9D899B221BE12C005367BD /* View */,
				8B9D899C221BE133005367BD /* Interactor */,
				8B9D899D221BE13A005367BD /* Presenter */,
			);
			path = "Sign In";
			sourceTree = "<group>";
		};
		8B9D899B221BE12C005367BD /* View */ = {
			isa = PBXGroup;
			children = (
				8B9D898F221BE115005367BD /* SignInViewController.swift */,
				8B9D898B221BE115005367BD /* SignInViewInput.swift */,
				8B9D8992221BE115005367BD /* SignInViewOutput.swift */,
			);
			path = View;
			sourceTree = "<group>";
		};
		8B9D899C221BE133005367BD /* Interactor */ = {
			isa = PBXGroup;
			children = (
				8B9D898C221BE115005367BD /* SignInInteractorOutput.swift */,
				8B9D898E221BE115005367BD /* SignInInteractorInput.swift */,
				8B9D8991221BE115005367BD /* SignInInteractor.swift */,
			);
			path = Interactor;
			sourceTree = "<group>";
		};
		8B9D899D221BE13A005367BD /* Presenter */ = {
			isa = PBXGroup;
			children = (
				8B9D898D221BE115005367BD /* SignInPresenter.swift */,
			);
			path = Presenter;
			sourceTree = "<group>";
		};
		8B9D899E221BE141005367BD /* Assembly */ = {
			isa = PBXGroup;
			children = (
				8B9D8990221BE115005367BD /* SignInAssembly.swift */,
			);
			path = Assembly;
			sourceTree = "<group>";
		};
		8B9D899F221BE14A005367BD /* Router */ = {
			isa = PBXGroup;
			children = (
				8B9D89A0221BE153005367BD /* SignInRouter.swift */,
			);
			path = Router;
			sourceTree = "<group>";
		};
		8B9D89A2221BE22F005367BD /* Factory */ = {
			isa = PBXGroup;
			children = (
				8B9D89A3221BE23E005367BD /* CoreFactory.swift */,
				8BA14D47226866C3002F4BA4 /* ServiceFactory.swift */,
			);
			path = Factory;
			sourceTree = "<group>";
		};
		8BA14D372268638A002F4BA4 /* Rest service */ = {
			isa = PBXGroup;
			children = (
				8BA14D382268639A002F4BA4 /* Cancelable.swift */,
				8BA14D3A22686458002F4BA4 /* RestServiceError.swift */,
				8BA14D3C2268647B002F4BA4 /* RestService.swift */,
				8BA14D3E226864AA002F4BA4 /* RestServiceImp.swift */,
				8BA14D4022686513002F4BA4 /* URLRequestBuilder.swift */,
				8BA14D4F226874CB002F4BA4 /* Responses */,
			);
			path = "Rest service";
			sourceTree = "<group>";
		};
		8BA14D42226865E4002F4BA4 /* Services tests */ = {
			isa = PBXGroup;
			children = (
				8BA14D43226865EF002F4BA4 /* Rest service tests */,
			);
			path = "Services tests";
			sourceTree = "<group>";
		};
		8BA14D43226865EF002F4BA4 /* Rest service tests */ = {
			isa = PBXGroup;
			children = (
				8BA14D4B22686757002F4BA4 /* RestServiceParsingTests.swift */,
				8BA14D4D226867FC002F4BA4 /* RestServiceRequestTests.swift */,
			);
			path = "Rest service tests";
			sourceTree = "<group>";
		};
		8BA14D44226865FE002F4BA4 /* Mocks */ = {
			isa = PBXGroup;
			children = (
				8BA14D452268660B002F4BA4 /* URLSessionMock.swift */,
			);
			path = Mocks;
			sourceTree = "<group>";
		};
		8BA14D4F226874CB002F4BA4 /* Responses */ = {
			isa = PBXGroup;
			children = (
				8BA14D50226874D3002F4BA4 /* UserResponse.swift */,
			);
			path = Responses;
			sourceTree = "<group>";
		};
		8BBD92D722375FB100D480E6 /* Chat */ = {
			isa = PBXGroup;
			children = (
				8BBD92F42237716200D480E6 /* Entity */,
				8BBD92EC2237603200D480E6 /* Assembly */,
				8BBD92ED2237604400D480E6 /* Router */,
				8BBD92E922375FDF00D480E6 /* View */,
				8BBD92EA2237601A00D480E6 /* Interactor */,
				8BBD92EB2237602600D480E6 /* Presenter */,
			);
			path = Chat;
			sourceTree = "<group>";
		};
		8BBD92E922375FDF00D480E6 /* View */ = {
			isa = PBXGroup;
			children = (
				8BBD92DC22375FCD00D480E6 /* ChatViewController.swift */,
				8BBD92F22237700B00D480E6 /* ChatViewDataSource.swift */,
				8BBD92D822375FCD00D480E6 /* ChatViewInput.swift */,
				8BBD92DF22375FCD00D480E6 /* ChatViewOutput.swift */,
				8BBD93062237A27100D480E6 /* ChatBouncyLayout.swift */,
				8BBD930A2237B83D00D480E6 /* Input */,
				8BBD92FB2237729800D480E6 /* Nodes */,
			);
			path = View;
			sourceTree = "<group>";
		};
		8BBD92EA2237601A00D480E6 /* Interactor */ = {
			isa = PBXGroup;
			children = (
				8BBD92DE22375FCD00D480E6 /* ChatInteractor.swift */,
				8BBD92DB22375FCD00D480E6 /* ChatInteractorInput.swift */,
				8BBD92D922375FCD00D480E6 /* ChatInteractorOutput.swift */,
			);
			path = Interactor;
			sourceTree = "<group>";
		};
		8BBD92EB2237602600D480E6 /* Presenter */ = {
			isa = PBXGroup;
			children = (
				8BBD92DA22375FCD00D480E6 /* ChatPresenter.swift */,
			);
			path = Presenter;
			sourceTree = "<group>";
		};
		8BBD92EC2237603200D480E6 /* Assembly */ = {
			isa = PBXGroup;
			children = (
				8BBD92DD22375FCD00D480E6 /* ChatAssembly.swift */,
			);
			path = Assembly;
			sourceTree = "<group>";
		};
		8BBD92ED2237604400D480E6 /* Router */ = {
			isa = PBXGroup;
			children = (
				8BBD92EE2237606300D480E6 /* ChatRouter.swift */,
			);
			path = Router;
			sourceTree = "<group>";
		};
		8BBD92F42237716200D480E6 /* Entity */ = {
			isa = PBXGroup;
			children = (
				8BBD92F52237716E00D480E6 /* ChatBaseMessage.swift */,
				8BBD93082237A9F400D480E6 /* InsertPosition.swift */,
				8BBD92F9223771ED00D480E6 /* ChatTextMessage.swift */,
				8BBD92F7223771BD00D480E6 /* MessageType.swift */,
			);
			path = Entity;
			sourceTree = "<group>";
		};
		8BBD92FB2237729800D480E6 /* Nodes */ = {
			isa = PBXGroup;
			children = (
				8BBD93012237876600D480E6 /* Text message node */,
				8BBD92FC2237729E00D480E6 /* Base message node */,
			);
			path = Nodes;
			sourceTree = "<group>";
		};
		8BBD92FC2237729E00D480E6 /* Base message node */ = {
			isa = PBXGroup;
			children = (
				8BBD92FD223772AD00D480E6 /* ChatBaseMessageNode.swift */,
			);
			path = "Base message node";
			sourceTree = "<group>";
		};
		8BBD93012237876600D480E6 /* Text message node */ = {
			isa = PBXGroup;
			children = (
				8BBD93022237882300D480E6 /* ChatTextMessageNode.swift */,
			);
			path = "Text message node";
			sourceTree = "<group>";
		};
		8BBD930A2237B83D00D480E6 /* Input */ = {
			isa = PBXGroup;
			children = (
				8BBD930B2237B84F00D480E6 /* ChatInputBar.swift */,
				8BBD93122237B9D300D480E6 /* ChatInputBar.xib */,
			);
			path = Input;
			sourceTree = "<group>";
		};
		8BBD930D2237B8D300D480E6 /* BaseXibView */ = {
			isa = PBXGroup;
			children = (
				8BBD930E2237B8E400D480E6 /* BaseXibView.swift */,
				8BBD93102237B93200D480E6 /* BaseXibView.xib */,
			);
			path = BaseXibView;
			sourceTree = "<group>";
		};
		8BBD93142237BCDD00D480E6 /* PlaceholderTextView */ = {
			isa = PBXGroup;
			children = (
				8BBD93152237BCF100D480E6 /* PlaceholderTextView.swift */,
			);
			path = PlaceholderTextView;
			sourceTree = "<group>";
		};
		8BBD932322394C8900D480E6 /* Portfolio */ = {
			isa = PBXGroup;
			children = (
				8BBD933822394D1500D480E6 /* Router */,
				8BBD933722394D0300D480E6 /* Assembly */,
				8BBD933422394CE600D480E6 /* View */,
				8BBD933522394CEF00D480E6 /* Interactor */,
				8BBD933622394CFB00D480E6 /* Presenter */,
			);
			path = Portfolio;
			sourceTree = "<group>";
		};
		8BBD933422394CE600D480E6 /* View */ = {
			isa = PBXGroup;
			children = (
				8BBD932422394CDA00D480E6 /* PortfolioViewInput.swift */,
				8BBD932822394CDA00D480E6 /* PortfolioViewController.swift */,
				8BBD932B22394CDA00D480E6 /* PortfolioViewOutput.swift */,
			);
			path = View;
			sourceTree = "<group>";
		};
		8BBD933522394CEF00D480E6 /* Interactor */ = {
			isa = PBXGroup;
			children = (
				8BBD932522394CDA00D480E6 /* PortfolioInteractorOutput.swift */,
				8BBD932722394CDA00D480E6 /* PortfolioInteractorInput.swift */,
				8BBD932A22394CDA00D480E6 /* PortfolioInteractor.swift */,
			);
			path = Interactor;
			sourceTree = "<group>";
		};
		8BBD933622394CFB00D480E6 /* Presenter */ = {
			isa = PBXGroup;
			children = (
				8BBD932622394CDA00D480E6 /* PortfolioPresenter.swift */,
			);
			path = Presenter;
			sourceTree = "<group>";
		};
		8BBD933722394D0300D480E6 /* Assembly */ = {
			isa = PBXGroup;
			children = (
				8BBD932922394CDA00D480E6 /* PortfolioAssembly.swift */,
			);
			path = Assembly;
			sourceTree = "<group>";
		};
		8BBD933822394D1500D480E6 /* Router */ = {
			isa = PBXGroup;
			children = (
				8BBD933922394D1F00D480E6 /* PortfolioRouter.swift */,
			);
			path = Router;
			sourceTree = "<group>";
		};
/* End PBXGroup section */

/* Begin PBXNativeTarget section */
		8B9D89342219458D005367BD /* CVissimo */ = {
			isa = PBXNativeTarget;
			buildConfigurationList = 8B9D89472219458F005367BD /* Build configuration list for PBXNativeTarget "CVissimo" */;
			buildPhases = (
				8B9D89312219458D005367BD /* Sources */,
				8B9D89322219458D005367BD /* Frameworks */,
				8B2A8D20223757B6004E2CDA /* Embed Frameworks */,
				8B9D89332219458D005367BD /* Resources */,
				8B2A8D1D223756CF004E2CDA /* Carthage */,
				8B9D896522194F42005367BD /* Swiftlint */,
			);
			buildRules = (
			);
			dependencies = (
			);
			name = CVissimo;
			productName = CVissimo;
			productReference = 8B9D89352219458D005367BD /* CVissimo.app */;
			productType = "com.apple.product-type.application";
		};
		8B9D8974221990CD005367BD /* CVissimoTests */ = {
			isa = PBXNativeTarget;
			buildConfigurationList = 8B9D897C221990CD005367BD /* Build configuration list for PBXNativeTarget "CVissimoTests" */;
			buildPhases = (
				8B9D8971221990CD005367BD /* Sources */,
				8B9D8972221990CD005367BD /* Frameworks */,
				8B9D8973221990CD005367BD /* Resources */,
			);
			buildRules = (
			);
			dependencies = (
				8B9D897B221990CD005367BD /* PBXTargetDependency */,
			);
			name = CVissimoTests;
			productName = CVissimoTests;
			productReference = 8B9D8975221990CD005367BD /* CVissimoTests.xctest */;
			productType = "com.apple.product-type.bundle.unit-test";
		};
/* End PBXNativeTarget section */

/* Begin PBXProject section */
		8B9D892D2219458D005367BD /* Project object */ = {
			isa = PBXProject;
			attributes = {
				LastSwiftUpdateCheck = 1010;
				LastUpgradeCheck = 1010;
				ORGANIZATIONNAME = "Pavel Shatalov";
				TargetAttributes = {
					8B9D89342219458D005367BD = {
						CreatedOnToolsVersion = 10.1;
					};
					8B9D8974221990CD005367BD = {
						CreatedOnToolsVersion = 10.1;
						LastSwiftMigration = 1010;
						TestTargetID = 8B9D89342219458D005367BD;
					};
				};
			};
			buildConfigurationList = 8B9D89302219458D005367BD /* Build configuration list for PBXProject "CVissimo" */;
			compatibilityVersion = "Xcode 9.3";
			developmentRegion = en;
			hasScannedForEncodings = 0;
			knownRegions = (
				en,
				Base,
			);
			mainGroup = 8B9D892C2219458D005367BD;
			productRefGroup = 8B9D89362219458D005367BD /* Products */;
			projectDirPath = "";
			projectRoot = "";
			targets = (
				8B9D89342219458D005367BD /* CVissimo */,
				8B9D8974221990CD005367BD /* CVissimoTests */,
			);
		};
/* End PBXProject section */

/* Begin PBXResourcesBuildPhase section */
		8B9D89332219458D005367BD /* Resources */ = {
			isa = PBXResourcesBuildPhase;
			buildActionMask = 2147483647;
			files = (
				8BBD93112237B93200D480E6 /* BaseXibView.xib in Resources */,
				8B9D89432219458F005367BD /* LaunchScreen.storyboard in Resources */,
				8BBD93132237B9D300D480E6 /* ChatInputBar.xib in Resources */,
				8B9D89402219458F005367BD /* Assets.xcassets in Resources */,
			);
			runOnlyForDeploymentPostprocessing = 0;
		};
		8B9D8973221990CD005367BD /* Resources */ = {
			isa = PBXResourcesBuildPhase;
			buildActionMask = 2147483647;
			files = (
			);
			runOnlyForDeploymentPostprocessing = 0;
		};
/* End PBXResourcesBuildPhase section */

/* Begin PBXShellScriptBuildPhase section */
		8B2A8D1D223756CF004E2CDA /* Carthage */ = {
			isa = PBXShellScriptBuildPhase;
			buildActionMask = 2147483647;
			files = (
			);
			inputFileListPaths = (
			);
			inputPaths = (
				"$(SRCROOT)/Carthage/Build/iOS/AsyncDisplayKit.framework",
			);
			name = Carthage;
			outputFileListPaths = (
			);
			outputPaths = (
			);
			runOnlyForDeploymentPostprocessing = 0;
			shellPath = /bin/sh;
			shellScript = "# Type a script or drag a script file from your workspace to insert its path.\n/usr/local/bin/carthage copy-frameworks\n";
		};
		8B9D896522194F42005367BD /* Swiftlint */ = {
			isa = PBXShellScriptBuildPhase;
			buildActionMask = 2147483647;
			files = (
			);
			inputFileListPaths = (
			);
			inputPaths = (
			);
			name = Swiftlint;
			outputFileListPaths = (
			);
			outputPaths = (
			);
			runOnlyForDeploymentPostprocessing = 0;
			shellPath = /bin/sh;
			shellScript = "# Type a script or drag a script file from your workspace to insert its path.\nif which swiftlint >/dev/null; then\nswiftlint\nelse\necho \"warning: SwiftLint not installed, download from https://github.com/realm/SwiftLint\"\nfi\n";
		};
/* End PBXShellScriptBuildPhase section */

/* Begin PBXSourcesBuildPhase section */
		8B9D89312219458D005367BD /* Sources */ = {
			isa = PBXSourcesBuildPhase;
			buildActionMask = 2147483647;
			files = (
				8BBD932C22394CDA00D480E6 /* PortfolioViewInput.swift in Sources */,
				8B9D895A22194BDA005367BD /* DeepLinkOption.swift in Sources */,
				8B9D89392219458D005367BD /* AppDelegate.swift in Sources */,
				8B9D895622194B9B005367BD /* BaseCoordinator.swift in Sources */,
				8BA14D3622686364002F4BA4 /* FileStorage.swift in Sources */,
				8BBD92E722375FCD00D480E6 /* ChatViewOutput.swift in Sources */,
				8BBD932F22394CDA00D480E6 /* PortfolioInteractorInput.swift in Sources */,
				8B9D8994221BE115005367BD /* SignInInteractorOutput.swift in Sources */,
				8B9D896022194CCB005367BD /* Router.swift in Sources */,
				8B9D8999221BE115005367BD /* SignInInteractor.swift in Sources */,
				8B9D895E22194C16005367BD /* BaseView.swift in Sources */,
				8BBD92EF2237606300D480E6 /* ChatRouter.swift in Sources */,
				8BA14D392268639A002F4BA4 /* Cancelable.swift in Sources */,
				8B9D8995221BE115005367BD /* SignInPresenter.swift in Sources */,
				8B9D896422194D66005367BD /* ApplicationCoordinator.swift in Sources */,
				8BBD933122394CDA00D480E6 /* PortfolioAssembly.swift in Sources */,
				8B9D8969221952B9005367BD /* ColorScheme.swift in Sources */,
				8B0D0CC4224E59E200871546 /* KeyValueStorageError.swift in Sources */,
				8BBD92E222375FCD00D480E6 /* ChatPresenter.swift in Sources */,
				8B9D895C22194BFD005367BD /* Presentable.swift in Sources */,
				8BA14D4122686513002F4BA4 /* URLRequestBuilder.swift in Sources */,
				8BBD92F62237716E00D480E6 /* ChatBaseMessage.swift in Sources */,
				8BBD92E422375FCD00D480E6 /* ChatViewController.swift in Sources */,
				8BBD933322394CDA00D480E6 /* PortfolioViewOutput.swift in Sources */,
				8BA14D48226866C3002F4BA4 /* ServiceFactory.swift in Sources */,
				8B9D89A1221BE153005367BD /* SignInRouter.swift in Sources */,
				8BBD933222394CDA00D480E6 /* PortfolioInteractor.swift in Sources */,
				8BBD92F32237700B00D480E6 /* ChatViewDataSource.swift in Sources */,
				8BA14D3F226864AA002F4BA4 /* RestServiceImp.swift in Sources */,
				8BBD93092237A9F400D480E6 /* InsertPosition.swift in Sources */,
				8B9D8987221BD1A0005367BD /* MainCoordinator.swift in Sources */,
				8BA14D3B22686458002F4BA4 /* RestServiceError.swift in Sources */,
				8BBD92F8223771BD00D480E6 /* MessageType.swift in Sources */,
				8B0D0CC3224E59E200871546 /* KeyValueStorage.swift in Sources */,
				8BBD93032237882300D480E6 /* ChatTextMessageNode.swift in Sources */,
				8BBD930522379DD200D480E6 /* UIImageExtensions.swift in Sources */,
				8BBD930C2237B84F00D480E6 /* ChatInputBar.swift in Sources */,
				8BBD93072237A27100D480E6 /* ChatBouncyLayout.swift in Sources */,
				8BBD93162237BCF100D480E6 /* PlaceholderTextView.swift in Sources */,
				8BBD933A22394D1F00D480E6 /* PortfolioRouter.swift in Sources */,
				8BA14D51226874D3002F4BA4 /* UserResponse.swift in Sources */,
				8BBD92FE223772AD00D480E6 /* ChatBaseMessageNode.swift in Sources */,
				8B9D899A221BE115005367BD /* SignInViewOutput.swift in Sources */,
				8BBD92E022375FCD00D480E6 /* ChatViewInput.swift in Sources */,
				8B9D895822194BBE005367BD /* Coordinator.swift in Sources */,
				8BBD932E22394CDA00D480E6 /* PortfolioPresenter.swift in Sources */,
				8B9D8997221BE115005367BD /* SignInViewController.swift in Sources */,
				8BBD933022394CDA00D480E6 /* PortfolioViewController.swift in Sources */,
				8B9D896222194CE3005367BD /* BaseRouter.swift in Sources */,
				8B9D896D22199009005367BD /* AuthCoordinator.swift in Sources */,
				8BBD92E122375FCD00D480E6 /* ChatInteractorOutput.swift in Sources */,
				8BBD930F2237B8E500D480E6 /* BaseXibView.swift in Sources */,
				8BBD932D22394CDA00D480E6 /* PortfolioInteractorOutput.swift in Sources */,
				8B9D89A4221BE23E005367BD /* CoreFactory.swift in Sources */,
				8BBD92E622375FCD00D480E6 /* ChatInteractor.swift in Sources */,
				8B9D89A6221BE41E005367BD /* AuthCoordinatorOutput.swift in Sources */,
				8BBD92FA223771ED00D480E6 /* ChatTextMessage.swift in Sources */,
				8B9D8996221BE115005367BD /* SignInInteractorInput.swift in Sources */,
				8BA14D3422686352002F4BA4 /* UserDefaultsStorage.swift in Sources */,
				8BBD92E522375FCD00D480E6 /* ChatAssembly.swift in Sources */,
				8B9D8993221BE115005367BD /* SignInViewInput.swift in Sources */,
				8B9D8967221951E5005367BD /* UIColorExtensions.swift in Sources */,
				8B9D8998221BE115005367BD /* SignInAssembly.swift in Sources */,
				8BBD92E322375FCD00D480E6 /* ChatInteractorInput.swift in Sources */,
				8BA14D3D2268647B002F4BA4 /* RestService.swift in Sources */,
			);
			runOnlyForDeploymentPostprocessing = 0;
		};
		8B9D8971221990CD005367BD /* Sources */ = {
			isa = PBXSourcesBuildPhase;
			buildActionMask = 2147483647;
			files = (
				8BA14D462268660B002F4BA4 /* URLSessionMock.swift in Sources */,
				8BA14D4C22686757002F4BA4 /* RestServiceParsingTests.swift in Sources */,
				8B9D8981221990F4005367BD /* UserDefaultsStorageTests.swift in Sources */,
				8BA14D4E226867FC002F4BA4 /* RestServiceRequestTests.swift in Sources */,
			);
			runOnlyForDeploymentPostprocessing = 0;
		};
/* End PBXSourcesBuildPhase section */

/* Begin PBXTargetDependency section */
		8B9D897B221990CD005367BD /* PBXTargetDependency */ = {
			isa = PBXTargetDependency;
			target = 8B9D89342219458D005367BD /* CVissimo */;
			targetProxy = 8B9D897A221990CD005367BD /* PBXContainerItemProxy */;
		};
/* End PBXTargetDependency section */

/* Begin PBXVariantGroup section */
		8B9D89412219458F005367BD /* LaunchScreen.storyboard */ = {
			isa = PBXVariantGroup;
			children = (
				8B9D89422219458F005367BD /* Base */,
			);
			name = LaunchScreen.storyboard;
			sourceTree = "<group>";
		};
/* End PBXVariantGroup section */

/* Begin XCBuildConfiguration section */
		8B9D89452219458F005367BD /* Debug */ = {
			isa = XCBuildConfiguration;
			buildSettings = {
				ALWAYS_SEARCH_USER_PATHS = NO;
				CLANG_ANALYZER_NONNULL = YES;
				CLANG_ANALYZER_NUMBER_OBJECT_CONVERSION = YES_AGGRESSIVE;
				CLANG_CXX_LANGUAGE_STANDARD = "gnu++14";
				CLANG_CXX_LIBRARY = "libc++";
				CLANG_ENABLE_MODULES = YES;
				CLANG_ENABLE_OBJC_ARC = YES;
				CLANG_ENABLE_OBJC_WEAK = YES;
				CLANG_WARN_BLOCK_CAPTURE_AUTORELEASING = YES;
				CLANG_WARN_BOOL_CONVERSION = YES;
				CLANG_WARN_COMMA = YES;
				CLANG_WARN_CONSTANT_CONVERSION = YES;
				CLANG_WARN_DEPRECATED_OBJC_IMPLEMENTATIONS = YES;
				CLANG_WARN_DIRECT_OBJC_ISA_USAGE = YES_ERROR;
				CLANG_WARN_DOCUMENTATION_COMMENTS = YES;
				CLANG_WARN_EMPTY_BODY = YES;
				CLANG_WARN_ENUM_CONVERSION = YES;
				CLANG_WARN_INFINITE_RECURSION = YES;
				CLANG_WARN_INT_CONVERSION = YES;
				CLANG_WARN_NON_LITERAL_NULL_CONVERSION = YES;
				CLANG_WARN_OBJC_IMPLICIT_RETAIN_SELF = YES;
				CLANG_WARN_OBJC_LITERAL_CONVERSION = YES;
				CLANG_WARN_OBJC_ROOT_CLASS = YES_ERROR;
				CLANG_WARN_RANGE_LOOP_ANALYSIS = YES;
				CLANG_WARN_STRICT_PROTOTYPES = YES;
				CLANG_WARN_SUSPICIOUS_MOVE = YES;
				CLANG_WARN_UNGUARDED_AVAILABILITY = YES_AGGRESSIVE;
				CLANG_WARN_UNREACHABLE_CODE = YES;
				CLANG_WARN__DUPLICATE_METHOD_MATCH = YES;
				CODE_SIGN_IDENTITY = "iPhone Developer";
				COPY_PHASE_STRIP = NO;
				DEBUG_INFORMATION_FORMAT = dwarf;
				ENABLE_STRICT_OBJC_MSGSEND = YES;
				ENABLE_TESTABILITY = YES;
				GCC_C_LANGUAGE_STANDARD = gnu11;
				GCC_DYNAMIC_NO_PIC = NO;
				GCC_NO_COMMON_BLOCKS = YES;
				GCC_OPTIMIZATION_LEVEL = 0;
				GCC_PREPROCESSOR_DEFINITIONS = (
					"DEBUG=1",
					"$(inherited)",
				);
				GCC_WARN_64_TO_32_BIT_CONVERSION = YES;
				GCC_WARN_ABOUT_RETURN_TYPE = YES_ERROR;
				GCC_WARN_UNDECLARED_SELECTOR = YES;
				GCC_WARN_UNINITIALIZED_AUTOS = YES_AGGRESSIVE;
				GCC_WARN_UNUSED_FUNCTION = YES;
				GCC_WARN_UNUSED_VARIABLE = YES;
				IPHONEOS_DEPLOYMENT_TARGET = 12.1;
				MTL_ENABLE_DEBUG_INFO = INCLUDE_SOURCE;
				MTL_FAST_MATH = YES;
				ONLY_ACTIVE_ARCH = YES;
				SDKROOT = iphoneos;
				SWIFT_ACTIVE_COMPILATION_CONDITIONS = DEBUG;
				SWIFT_OPTIMIZATION_LEVEL = "-Onone";
			};
			name = Debug;
		};
		8B9D89462219458F005367BD /* Release */ = {
			isa = XCBuildConfiguration;
			buildSettings = {
				ALWAYS_SEARCH_USER_PATHS = NO;
				CLANG_ANALYZER_NONNULL = YES;
				CLANG_ANALYZER_NUMBER_OBJECT_CONVERSION = YES_AGGRESSIVE;
				CLANG_CXX_LANGUAGE_STANDARD = "gnu++14";
				CLANG_CXX_LIBRARY = "libc++";
				CLANG_ENABLE_MODULES = YES;
				CLANG_ENABLE_OBJC_ARC = YES;
				CLANG_ENABLE_OBJC_WEAK = YES;
				CLANG_WARN_BLOCK_CAPTURE_AUTORELEASING = YES;
				CLANG_WARN_BOOL_CONVERSION = YES;
				CLANG_WARN_COMMA = YES;
				CLANG_WARN_CONSTANT_CONVERSION = YES;
				CLANG_WARN_DEPRECATED_OBJC_IMPLEMENTATIONS = YES;
				CLANG_WARN_DIRECT_OBJC_ISA_USAGE = YES_ERROR;
				CLANG_WARN_DOCUMENTATION_COMMENTS = YES;
				CLANG_WARN_EMPTY_BODY = YES;
				CLANG_WARN_ENUM_CONVERSION = YES;
				CLANG_WARN_INFINITE_RECURSION = YES;
				CLANG_WARN_INT_CONVERSION = YES;
				CLANG_WARN_NON_LITERAL_NULL_CONVERSION = YES;
				CLANG_WARN_OBJC_IMPLICIT_RETAIN_SELF = YES;
				CLANG_WARN_OBJC_LITERAL_CONVERSION = YES;
				CLANG_WARN_OBJC_ROOT_CLASS = YES_ERROR;
				CLANG_WARN_RANGE_LOOP_ANALYSIS = YES;
				CLANG_WARN_STRICT_PROTOTYPES = YES;
				CLANG_WARN_SUSPICIOUS_MOVE = YES;
				CLANG_WARN_UNGUARDED_AVAILABILITY = YES_AGGRESSIVE;
				CLANG_WARN_UNREACHABLE_CODE = YES;
				CLANG_WARN__DUPLICATE_METHOD_MATCH = YES;
				CODE_SIGN_IDENTITY = "iPhone Developer";
				COPY_PHASE_STRIP = NO;
				DEBUG_INFORMATION_FORMAT = "dwarf-with-dsym";
				ENABLE_NS_ASSERTIONS = NO;
				ENABLE_STRICT_OBJC_MSGSEND = YES;
				GCC_C_LANGUAGE_STANDARD = gnu11;
				GCC_NO_COMMON_BLOCKS = YES;
				GCC_WARN_64_TO_32_BIT_CONVERSION = YES;
				GCC_WARN_ABOUT_RETURN_TYPE = YES_ERROR;
				GCC_WARN_UNDECLARED_SELECTOR = YES;
				GCC_WARN_UNINITIALIZED_AUTOS = YES_AGGRESSIVE;
				GCC_WARN_UNUSED_FUNCTION = YES;
				GCC_WARN_UNUSED_VARIABLE = YES;
				IPHONEOS_DEPLOYMENT_TARGET = 12.1;
				MTL_ENABLE_DEBUG_INFO = NO;
				MTL_FAST_MATH = YES;
				SDKROOT = iphoneos;
				SWIFT_COMPILATION_MODE = wholemodule;
				SWIFT_OPTIMIZATION_LEVEL = "-O";
				VALIDATE_PRODUCT = YES;
			};
			name = Release;
		};
		8B9D89482219458F005367BD /* Debug */ = {
			isa = XCBuildConfiguration;
			buildSettings = {
				ASSETCATALOG_COMPILER_APPICON_NAME = AppIcon;
				CODE_SIGN_STYLE = Automatic;
				DEVELOPMENT_TEAM = 4DV477A9TM;
				FRAMEWORK_SEARCH_PATHS = (
					"$(PRORECT_ROOT)",
					"$(PROJECT_DIR)/Carthage/Build/iOS",
				);
				INFOPLIST_FILE = "$(SRCROOT)/CVissimo/Resources/Info.plist";
				IPHONEOS_DEPLOYMENT_TARGET = 11.0;
				LD_RUNPATH_SEARCH_PATHS = (
					"$(inherited)",
					"@executable_path/Frameworks",
				);
				LIBRARY_SEARCH_PATHS = "";
				PRODUCT_BUNDLE_IDENTIFIER = com.seidju.cvissimo;
				PRODUCT_NAME = "$(TARGET_NAME)";
				SWIFT_VERSION = 4.2;
				TARGETED_DEVICE_FAMILY = 1;
			};
			name = Debug;
		};
		8B9D89492219458F005367BD /* Release */ = {
			isa = XCBuildConfiguration;
			buildSettings = {
				ASSETCATALOG_COMPILER_APPICON_NAME = AppIcon;
				CODE_SIGN_STYLE = Automatic;
				DEVELOPMENT_TEAM = 4DV477A9TM;
				FRAMEWORK_SEARCH_PATHS = (
					"$(PRORECT_ROOT)",
					"$(PROJECT_DIR)/Carthage/Build/iOS",
				);
				INFOPLIST_FILE = "$(SRCROOT)/CVissimo/Resources/Info.plist";
				IPHONEOS_DEPLOYMENT_TARGET = 11.0;
				LD_RUNPATH_SEARCH_PATHS = (
					"$(inherited)",
					"@executable_path/Frameworks",
				);
				LIBRARY_SEARCH_PATHS = "";
				PRODUCT_BUNDLE_IDENTIFIER = com.seidju.cvissimo;
				PRODUCT_NAME = "$(TARGET_NAME)";
				SWIFT_VERSION = 4.2;
				TARGETED_DEVICE_FAMILY = 1;
			};
			name = Release;
		};
		8B9D897D221990CD005367BD /* Debug */ = {
			isa = XCBuildConfiguration;
			buildSettings = {
				BUNDLE_LOADER = "$(TEST_HOST)";
				CLANG_ENABLE_MODULES = YES;
				CODE_SIGN_STYLE = Automatic;
				DEVELOPMENT_TEAM = 4DV477A9TM;
				INFOPLIST_FILE = CVissimoTests/Info.plist;
				LD_RUNPATH_SEARCH_PATHS = (
					"$(inherited)",
					"@executable_path/Frameworks",
					"@loader_path/Frameworks",
				);
				PRODUCT_BUNDLE_IDENTIFIER = seidju.CVissimoTests;
				PRODUCT_NAME = "$(TARGET_NAME)";
				SWIFT_OPTIMIZATION_LEVEL = "-Onone";
				SWIFT_VERSION = 4.2;
				TARGETED_DEVICE_FAMILY = "1,2";
				TEST_HOST = "$(BUILT_PRODUCTS_DIR)/CVissimo.app/CVissimo";
			};
			name = Debug;
		};
		8B9D897E221990CD005367BD /* Release */ = {
			isa = XCBuildConfiguration;
			buildSettings = {
				BUNDLE_LOADER = "$(TEST_HOST)";
				CLANG_ENABLE_MODULES = YES;
				CODE_SIGN_STYLE = Automatic;
				DEVELOPMENT_TEAM = 4DV477A9TM;
				INFOPLIST_FILE = CVissimoTests/Info.plist;
				LD_RUNPATH_SEARCH_PATHS = (
					"$(inherited)",
					"@executable_path/Frameworks",
					"@loader_path/Frameworks",
				);
				PRODUCT_BUNDLE_IDENTIFIER = seidju.CVissimoTests;
				PRODUCT_NAME = "$(TARGET_NAME)";
				SWIFT_VERSION = 4.2;
				TARGETED_DEVICE_FAMILY = "1,2";
				TEST_HOST = "$(BUILT_PRODUCTS_DIR)/CVissimo.app/CVissimo";
			};
			name = Release;
		};
/* End XCBuildConfiguration section */

/* Begin XCConfigurationList section */
		8B9D89302219458D005367BD /* Build configuration list for PBXProject "CVissimo" */ = {
			isa = XCConfigurationList;
			buildConfigurations = (
				8B9D89452219458F005367BD /* Debug */,
				8B9D89462219458F005367BD /* Release */,
			);
			defaultConfigurationIsVisible = 0;
			defaultConfigurationName = Release;
		};
		8B9D89472219458F005367BD /* Build configuration list for PBXNativeTarget "CVissimo" */ = {
			isa = XCConfigurationList;
			buildConfigurations = (
				8B9D89482219458F005367BD /* Debug */,
				8B9D89492219458F005367BD /* Release */,
			);
			defaultConfigurationIsVisible = 0;
			defaultConfigurationName = Release;
		};
		8B9D897C221990CD005367BD /* Build configuration list for PBXNativeTarget "CVissimoTests" */ = {
			isa = XCConfigurationList;
			buildConfigurations = (
				8B9D897D221990CD005367BD /* Debug */,
				8B9D897E221990CD005367BD /* Release */,
			);
			defaultConfigurationIsVisible = 0;
			defaultConfigurationName = Release;
		};
/* End XCConfigurationList section */
	};
	rootObject = 8B9D892D2219458D005367BD /* Project object */;
}
