// !$*UTF8*$!
{
	archiveVersion = 1;
	classes = {
	};
	objectVersion = 50;
	objects = {

/* Begin PBXBuildFile section */
		8B9D89392219458D005367BD /* AppDelegate.swift in Sources */ = {isa = PBXBuildFile; fileRef = 8B9D89382219458D005367BD /* AppDelegate.swift */; };
		8B9D89402219458F005367BD /* Assets.xcassets in Resources */ = {isa = PBXBuildFile; fileRef = 8B9D893F2219458F005367BD /* Assets.xcassets */; };
		8B9D89432219458F005367BD /* LaunchScreen.storyboard in Resources */ = {isa = PBXBuildFile; fileRef = 8B9D89412219458F005367BD /* LaunchScreen.storyboard */; };
		8B9D895622194B9B005367BD /* BaseCoordinator.swift in Sources */ = {isa = PBXBuildFile; fileRef = 8B9D895522194B9B005367BD /* BaseCoordinator.swift */; };
		8B9D895822194BBE005367BD /* Coordinator.swift in Sources */ = {isa = PBXBuildFile; fileRef = 8B9D895722194BBE005367BD /* Coordinator.swift */; };
		8B9D895A22194BDA005367BD /* DeepLinkOption.swift in Sources */ = {isa = PBXBuildFile; fileRef = 8B9D895922194BDA005367BD /* DeepLinkOption.swift */; };
		8B9D895C22194BFD005367BD /* Presentable.swift in Sources */ = {isa = PBXBuildFile; fileRef = 8B9D895B22194BFD005367BD /* Presentable.swift */; };
		8B9D895E22194C16005367BD /* BaseView.swift in Sources */ = {isa = PBXBuildFile; fileRef = 8B9D895D22194C16005367BD /* BaseView.swift */; };
		8B9D896022194CCB005367BD /* Router.swift in Sources */ = {isa = PBXBuildFile; fileRef = 8B9D895F22194CCB005367BD /* Router.swift */; };
		8B9D896222194CE3005367BD /* BaseRouter.swift in Sources */ = {isa = PBXBuildFile; fileRef = 8B9D896122194CE3005367BD /* BaseRouter.swift */; };
		8B9D896422194D66005367BD /* ApplicationCoordinator.swift in Sources */ = {isa = PBXBuildFile; fileRef = 8B9D896322194D66005367BD /* ApplicationCoordinator.swift */; };
/* End PBXBuildFile section */

/* Begin PBXFileReference section */
		8B9D89352219458D005367BD /* CVissimo.app */ = {isa = PBXFileReference; explicitFileType = wrapper.application; includeInIndex = 0; path = CVissimo.app; sourceTree = BUILT_PRODUCTS_DIR; };
		8B9D89382219458D005367BD /* AppDelegate.swift */ = {isa = PBXFileReference; lastKnownFileType = sourcecode.swift; path = AppDelegate.swift; sourceTree = "<group>"; };
		8B9D893F2219458F005367BD /* Assets.xcassets */ = {isa = PBXFileReference; lastKnownFileType = folder.assetcatalog; path = Assets.xcassets; sourceTree = "<group>"; };
		8B9D89422219458F005367BD /* Base */ = {isa = PBXFileReference; lastKnownFileType = file.storyboard; name = Base; path = Base.lproj/LaunchScreen.storyboard; sourceTree = "<group>"; };
		8B9D89442219458F005367BD /* Info.plist */ = {isa = PBXFileReference; lastKnownFileType = text.plist.xml; path = Info.plist; sourceTree = "<group>"; };
		8B9D895522194B9B005367BD /* BaseCoordinator.swift */ = {isa = PBXFileReference; lastKnownFileType = sourcecode.swift; path = BaseCoordinator.swift; sourceTree = "<group>"; };
		8B9D895722194BBE005367BD /* Coordinator.swift */ = {isa = PBXFileReference; lastKnownFileType = sourcecode.swift; path = Coordinator.swift; sourceTree = "<group>"; };
		8B9D895922194BDA005367BD /* DeepLinkOption.swift */ = {isa = PBXFileReference; lastKnownFileType = sourcecode.swift; path = DeepLinkOption.swift; sourceTree = "<group>"; };
		8B9D895B22194BFD005367BD /* Presentable.swift */ = {isa = PBXFileReference; lastKnownFileType = sourcecode.swift; path = Presentable.swift; sourceTree = "<group>"; };
		8B9D895D22194C16005367BD /* BaseView.swift */ = {isa = PBXFileReference; lastKnownFileType = sourcecode.swift; path = BaseView.swift; sourceTree = "<group>"; };
		8B9D895F22194CCB005367BD /* Router.swift */ = {isa = PBXFileReference; lastKnownFileType = sourcecode.swift; path = Router.swift; sourceTree = "<group>"; };
		8B9D896122194CE3005367BD /* BaseRouter.swift */ = {isa = PBXFileReference; lastKnownFileType = sourcecode.swift; path = BaseRouter.swift; sourceTree = "<group>"; };
		8B9D896322194D66005367BD /* ApplicationCoordinator.swift */ = {isa = PBXFileReference; lastKnownFileType = sourcecode.swift; path = ApplicationCoordinator.swift; sourceTree = "<group>"; };
/* End PBXFileReference section */

/* Begin PBXFrameworksBuildPhase section */
		8B9D89322219458D005367BD /* Frameworks */ = {
			isa = PBXFrameworksBuildPhase;
			buildActionMask = 2147483647;
			files = (
			);
			runOnlyForDeploymentPostprocessing = 0;
		};
/* End PBXFrameworksBuildPhase section */

/* Begin PBXGroup section */
		8B9D892C2219458D005367BD = {
			isa = PBXGroup;
			children = (
				8B9D89372219458D005367BD /* CVissimo */,
				8B9D89362219458D005367BD /* Products */,
			);
			sourceTree = "<group>";
		};
		8B9D89362219458D005367BD /* Products */ = {
			isa = PBXGroup;
			children = (
				8B9D89352219458D005367BD /* CVissimo.app */,
			);
			name = Products;
			sourceTree = "<group>";
		};
		8B9D89372219458D005367BD /* CVissimo */ = {
			isa = PBXGroup;
			children = (
				8B9D894A221945A3005367BD /* Application */,
				8B9D895222194B6E005367BD /* Routing */,
				8B9D894D22194AB3005367BD /* Flows */,
				8B9D895122194B0C005367BD /* Core components */,
				8B9D895022194B07005367BD /* Services */,
				8B9D894F22194AC4005367BD /* Extenstions */,
				8B9D894C22194AA4005367BD /* Views */,
				8B9D894B221945B2005367BD /* Resources */,
			);
			path = CVissimo;
			sourceTree = "<group>";
		};
		8B9D894A221945A3005367BD /* Application */ = {
			isa = PBXGroup;
			children = (
				8B9D89382219458D005367BD /* AppDelegate.swift */,
				8B9D896322194D66005367BD /* ApplicationCoordinator.swift */,
			);
			path = Application;
			sourceTree = "<group>";
		};
		8B9D894B221945B2005367BD /* Resources */ = {
			isa = PBXGroup;
			children = (
				8B9D893F2219458F005367BD /* Assets.xcassets */,
				8B9D89412219458F005367BD /* LaunchScreen.storyboard */,
				8B9D89442219458F005367BD /* Info.plist */,
			);
			path = Resources;
			sourceTree = "<group>";
		};
		8B9D894C22194AA4005367BD /* Views */ = {
			isa = PBXGroup;
			children = (
			);
			path = Views;
			sourceTree = "<group>";
		};
		8B9D894D22194AB3005367BD /* Flows */ = {
			isa = PBXGroup;
			children = (
			);
			path = Flows;
			sourceTree = "<group>";
		};
		8B9D894F22194AC4005367BD /* Extenstions */ = {
			isa = PBXGroup;
			children = (
			);
			path = Extenstions;
			sourceTree = "<group>";
		};
		8B9D895022194B07005367BD /* Services */ = {
			isa = PBXGroup;
			children = (
			);
			path = Services;
			sourceTree = "<group>";
		};
		8B9D895122194B0C005367BD /* Core components */ = {
			isa = PBXGroup;
			children = (
			);
			path = "Core components";
			sourceTree = "<group>";
		};
		8B9D895222194B6E005367BD /* Routing */ = {
			isa = PBXGroup;
			children = (
				8B9D895422194B7C005367BD /* Coordinator */,
				8B9D895322194B78005367BD /* Router */,
			);
			path = Routing;
			sourceTree = "<group>";
		};
		8B9D895322194B78005367BD /* Router */ = {
			isa = PBXGroup;
			children = (
				8B9D895F22194CCB005367BD /* Router.swift */,
				8B9D896122194CE3005367BD /* BaseRouter.swift */,
			);
			path = Router;
			sourceTree = "<group>";
		};
		8B9D895422194B7C005367BD /* Coordinator */ = {
			isa = PBXGroup;
			children = (
				8B9D895722194BBE005367BD /* Coordinator.swift */,
				8B9D895B22194BFD005367BD /* Presentable.swift */,
				8B9D895922194BDA005367BD /* DeepLinkOption.swift */,
				8B9D895522194B9B005367BD /* BaseCoordinator.swift */,
				8B9D895D22194C16005367BD /* BaseView.swift */,
			);
			path = Coordinator;
			sourceTree = "<group>";
		};
/* End PBXGroup section */

/* Begin PBXNativeTarget section */
		8B9D89342219458D005367BD /* CVissimo */ = {
			isa = PBXNativeTarget;
			buildConfigurationList = 8B9D89472219458F005367BD /* Build configuration list for PBXNativeTarget "CVissimo" */;
			buildPhases = (
				8B9D89312219458D005367BD /* Sources */,
				8B9D89322219458D005367BD /* Frameworks */,
				8B9D89332219458D005367BD /* Resources */,
			);
			buildRules = (
			);
			dependencies = (
			);
			name = CVissimo;
			productName = CVissimo;
			productReference = 8B9D89352219458D005367BD /* CVissimo.app */;
			productType = "com.apple.product-type.application";
		};
/* End PBXNativeTarget section */

/* Begin PBXProject section */
		8B9D892D2219458D005367BD /* Project object */ = {
			isa = PBXProject;
			attributes = {
				LastSwiftUpdateCheck = 1010;
				LastUpgradeCheck = 1010;
				ORGANIZATIONNAME = "Pavel Shatalov";
				TargetAttributes = {
					8B9D89342219458D005367BD = {
						CreatedOnToolsVersion = 10.1;
					};
				};
			};
			buildConfigurationList = 8B9D89302219458D005367BD /* Build configuration list for PBXProject "CVissimo" */;
			compatibilityVersion = "Xcode 9.3";
			developmentRegion = en;
			hasScannedForEncodings = 0;
			knownRegions = (
				en,
				Base,
			);
			mainGroup = 8B9D892C2219458D005367BD;
			productRefGroup = 8B9D89362219458D005367BD /* Products */;
			projectDirPath = "";
			projectRoot = "";
			targets = (
				8B9D89342219458D005367BD /* CVissimo */,
			);
		};
/* End PBXProject section */

/* Begin PBXResourcesBuildPhase section */
		8B9D89332219458D005367BD /* Resources */ = {
			isa = PBXResourcesBuildPhase;
			buildActionMask = 2147483647;
			files = (
				8B9D89432219458F005367BD /* LaunchScreen.storyboard in Resources */,
				8B9D89402219458F005367BD /* Assets.xcassets in Resources */,
			);
			runOnlyForDeploymentPostprocessing = 0;
		};
/* End PBXResourcesBuildPhase section */

/* Begin PBXSourcesBuildPhase section */
		8B9D89312219458D005367BD /* Sources */ = {
			isa = PBXSourcesBuildPhase;
			buildActionMask = 2147483647;
			files = (
				8B9D895A22194BDA005367BD /* DeepLinkOption.swift in Sources */,
				8B9D89392219458D005367BD /* AppDelegate.swift in Sources */,
				8B9D895622194B9B005367BD /* BaseCoordinator.swift in Sources */,
				8B9D896022194CCB005367BD /* Router.swift in Sources */,
				8B9D895E22194C16005367BD /* BaseView.swift in Sources */,
				8B9D896422194D66005367BD /* ApplicationCoordinator.swift in Sources */,
				8B9D895C22194BFD005367BD /* Presentable.swift in Sources */,
				8B9D895822194BBE005367BD /* Coordinator.swift in Sources */,
				8B9D896222194CE3005367BD /* BaseRouter.swift in Sources */,
			);
			runOnlyForDeploymentPostprocessing = 0;
		};
/* End PBXSourcesBuildPhase section */

/* Begin PBXVariantGroup section */
		8B9D89412219458F005367BD /* LaunchScreen.storyboard */ = {
			isa = PBXVariantGroup;
			children = (
				8B9D89422219458F005367BD /* Base */,
			);
			name = LaunchScreen.storyboard;
			sourceTree = "<group>";
		};
/* End PBXVariantGroup section */

/* Begin XCBuildConfiguration section */
		8B9D89452219458F005367BD /* Debug */ = {
			isa = XCBuildConfiguration;
			buildSettings = {
				ALWAYS_SEARCH_USER_PATHS = NO;
				CLANG_ANALYZER_NONNULL = YES;
				CLANG_ANALYZER_NUMBER_OBJECT_CONVERSION = YES_AGGRESSIVE;
				CLANG_CXX_LANGUAGE_STANDARD = "gnu++14";
				CLANG_CXX_LIBRARY = "libc++";
				CLANG_ENABLE_MODULES = YES;
				CLANG_ENABLE_OBJC_ARC = YES;
				CLANG_ENABLE_OBJC_WEAK = YES;
				CLANG_WARN_BLOCK_CAPTURE_AUTORELEASING = YES;
				CLANG_WARN_BOOL_CONVERSION = YES;
				CLANG_WARN_COMMA = YES;
				CLANG_WARN_CONSTANT_CONVERSION = YES;
				CLANG_WARN_DEPRECATED_OBJC_IMPLEMENTATIONS = YES;
				CLANG_WARN_DIRECT_OBJC_ISA_USAGE = YES_ERROR;
				CLANG_WARN_DOCUMENTATION_COMMENTS = YES;
				CLANG_WARN_EMPTY_BODY = YES;
				CLANG_WARN_ENUM_CONVERSION = YES;
				CLANG_WARN_INFINITE_RECURSION = YES;
				CLANG_WARN_INT_CONVERSION = YES;
				CLANG_WARN_NON_LITERAL_NULL_CONVERSION = YES;
				CLANG_WARN_OBJC_IMPLICIT_RETAIN_SELF = YES;
				CLANG_WARN_OBJC_LITERAL_CONVERSION = YES;
				CLANG_WARN_OBJC_ROOT_CLASS = YES_ERROR;
				CLANG_WARN_RANGE_LOOP_ANALYSIS = YES;
				CLANG_WARN_STRICT_PROTOTYPES = YES;
				CLANG_WARN_SUSPICIOUS_MOVE = YES;
				CLANG_WARN_UNGUARDED_AVAILABILITY = YES_AGGRESSIVE;
				CLANG_WARN_UNREACHABLE_CODE = YES;
				CLANG_WARN__DUPLICATE_METHOD_MATCH = YES;
				CODE_SIGN_IDENTITY = "iPhone Developer";
				COPY_PHASE_STRIP = NO;
				DEBUG_INFORMATION_FORMAT = dwarf;
				ENABLE_STRICT_OBJC_MSGSEND = YES;
				ENABLE_TESTABILITY = YES;
				GCC_C_LANGUAGE_STANDARD = gnu11;
				GCC_DYNAMIC_NO_PIC = NO;
				GCC_NO_COMMON_BLOCKS = YES;
				GCC_OPTIMIZATION_LEVEL = 0;
				GCC_PREPROCESSOR_DEFINITIONS = (
					"DEBUG=1",
					"$(inherited)",
				);
				GCC_WARN_64_TO_32_BIT_CONVERSION = YES;
				GCC_WARN_ABOUT_RETURN_TYPE = YES_ERROR;
				GCC_WARN_UNDECLARED_SELECTOR = YES;
				GCC_WARN_UNINITIALIZED_AUTOS = YES_AGGRESSIVE;
				GCC_WARN_UNUSED_FUNCTION = YES;
				GCC_WARN_UNUSED_VARIABLE = YES;
				IPHONEOS_DEPLOYMENT_TARGET = 12.1;
				MTL_ENABLE_DEBUG_INFO = INCLUDE_SOURCE;
				MTL_FAST_MATH = YES;
				ONLY_ACTIVE_ARCH = YES;
				SDKROOT = iphoneos;
				SWIFT_ACTIVE_COMPILATION_CONDITIONS = DEBUG;
				SWIFT_OPTIMIZATION_LEVEL = "-Onone";
			};
			name = Debug;
		};
		8B9D89462219458F005367BD /* Release */ = {
			isa = XCBuildConfiguration;
			buildSettings = {
				ALWAYS_SEARCH_USER_PATHS = NO;
				CLANG_ANALYZER_NONNULL = YES;
				CLANG_ANALYZER_NUMBER_OBJECT_CONVERSION = YES_AGGRESSIVE;
				CLANG_CXX_LANGUAGE_STANDARD = "gnu++14";
				CLANG_CXX_LIBRARY = "libc++";
				CLANG_ENABLE_MODULES = YES;
				CLANG_ENABLE_OBJC_ARC = YES;
				CLANG_ENABLE_OBJC_WEAK = YES;
				CLANG_WARN_BLOCK_CAPTURE_AUTORELEASING = YES;
				CLANG_WARN_BOOL_CONVERSION = YES;
				CLANG_WARN_COMMA = YES;
				CLANG_WARN_CONSTANT_CONVERSION = YES;
				CLANG_WARN_DEPRECATED_OBJC_IMPLEMENTATIONS = YES;
				CLANG_WARN_DIRECT_OBJC_ISA_USAGE = YES_ERROR;
				CLANG_WARN_DOCUMENTATION_COMMENTS = YES;
				CLANG_WARN_EMPTY_BODY = YES;
				CLANG_WARN_ENUM_CONVERSION = YES;
				CLANG_WARN_INFINITE_RECURSION = YES;
				CLANG_WARN_INT_CONVERSION = YES;
				CLANG_WARN_NON_LITERAL_NULL_CONVERSION = YES;
				CLANG_WARN_OBJC_IMPLICIT_RETAIN_SELF = YES;
				CLANG_WARN_OBJC_LITERAL_CONVERSION = YES;
				CLANG_WARN_OBJC_ROOT_CLASS = YES_ERROR;
				CLANG_WARN_RANGE_LOOP_ANALYSIS = YES;
				CLANG_WARN_STRICT_PROTOTYPES = YES;
				CLANG_WARN_SUSPICIOUS_MOVE = YES;
				CLANG_WARN_UNGUARDED_AVAILABILITY = YES_AGGRESSIVE;
				CLANG_WARN_UNREACHABLE_CODE = YES;
				CLANG_WARN__DUPLICATE_METHOD_MATCH = YES;
				CODE_SIGN_IDENTITY = "iPhone Developer";
				COPY_PHASE_STRIP = NO;
				DEBUG_INFORMATION_FORMAT = "dwarf-with-dsym";
				ENABLE_NS_ASSERTIONS = NO;
				ENABLE_STRICT_OBJC_MSGSEND = YES;
				GCC_C_LANGUAGE_STANDARD = gnu11;
				GCC_NO_COMMON_BLOCKS = YES;
				GCC_WARN_64_TO_32_BIT_CONVERSION = YES;
				GCC_WARN_ABOUT_RETURN_TYPE = YES_ERROR;
				GCC_WARN_UNDECLARED_SELECTOR = YES;
				GCC_WARN_UNINITIALIZED_AUTOS = YES_AGGRESSIVE;
				GCC_WARN_UNUSED_FUNCTION = YES;
				GCC_WARN_UNUSED_VARIABLE = YES;
				IPHONEOS_DEPLOYMENT_TARGET = 12.1;
				MTL_ENABLE_DEBUG_INFO = NO;
				MTL_FAST_MATH = YES;
				SDKROOT = iphoneos;
				SWIFT_COMPILATION_MODE = wholemodule;
				SWIFT_OPTIMIZATION_LEVEL = "-O";
				VALIDATE_PRODUCT = YES;
			};
			name = Release;
		};
		8B9D89482219458F005367BD /* Debug */ = {
			isa = XCBuildConfiguration;
			buildSettings = {
				ASSETCATALOG_COMPILER_APPICON_NAME = AppIcon;
				CODE_SIGN_STYLE = Automatic;
				DEVELOPMENT_TEAM = 4DV477A9TM;
				INFOPLIST_FILE = "$(SRCROOT)/CVissimo/Resources/Info.plist";
				IPHONEOS_DEPLOYMENT_TARGET = 11.0;
				LD_RUNPATH_SEARCH_PATHS = (
					"$(inherited)",
					"@executable_path/Frameworks",
				);
				PRODUCT_BUNDLE_IDENTIFIER = com.seidju.cvissimo;
				PRODUCT_NAME = "$(TARGET_NAME)";
				SWIFT_VERSION = 4.2;
				TARGETED_DEVICE_FAMILY = "1,2";
			};
			name = Debug;
		};
		8B9D89492219458F005367BD /* Release */ = {
			isa = XCBuildConfiguration;
			buildSettings = {
				ASSETCATALOG_COMPILER_APPICON_NAME = AppIcon;
				CODE_SIGN_STYLE = Automatic;
				DEVELOPMENT_TEAM = 4DV477A9TM;
				INFOPLIST_FILE = "$(SRCROOT)/CVissimo/Resources/Info.plist";
				IPHONEOS_DEPLOYMENT_TARGET = 11.0;
				LD_RUNPATH_SEARCH_PATHS = (
					"$(inherited)",
					"@executable_path/Frameworks",
				);
				PRODUCT_BUNDLE_IDENTIFIER = com.seidju.cvissimo;
				PRODUCT_NAME = "$(TARGET_NAME)";
				SWIFT_VERSION = 4.2;
				TARGETED_DEVICE_FAMILY = "1,2";
			};
			name = Release;
		};
/* End XCBuildConfiguration section */

/* Begin XCConfigurationList section */
		8B9D89302219458D005367BD /* Build configuration list for PBXProject "CVissimo" */ = {
			isa = XCConfigurationList;
			buildConfigurations = (
				8B9D89452219458F005367BD /* Debug */,
				8B9D89462219458F005367BD /* Release */,
			);
			defaultConfigurationIsVisible = 0;
			defaultConfigurationName = Release;
		};
		8B9D89472219458F005367BD /* Build configuration list for PBXNativeTarget "CVissimo" */ = {
			isa = XCConfigurationList;
			buildConfigurations = (
				8B9D89482219458F005367BD /* Debug */,
				8B9D89492219458F005367BD /* Release */,
			);
			defaultConfigurationIsVisible = 0;
			defaultConfigurationName = Release;
		};
/* End XCConfigurationList section */
	};
	rootObject = 8B9D892D2219458D005367BD /* Project object */;
}
